<?xml version="1.0" encoding="utf-8"?>
<Project ToolsVersion="4.0" xmlns="http://schemas.microsoft.com/developer/msbuild/2003">
  <ItemGroup>
    <Filter Include="Source Files">
      <UniqueIdentifier>{0fbba5d8-a50e-4c0e-b528-47e5ffd69bb1}</UniqueIdentifier>
    </Filter>
    <Filter Include="Header Files">
      <UniqueIdentifier>{05add13e-8113-412d-8d79-8e78e2479822}</UniqueIdentifier>
    </Filter>
    <Filter Include="Source Files\Decode">
      <UniqueIdentifier>{8581d71a-9777-488f-ba7c-60768385435b}</UniqueIdentifier>
    </Filter>
    <Filter Include="Source Files\Encode">
      <UniqueIdentifier>{bc8f83ec-d85e-42e2-8083-29239fde19e8}</UniqueIdentifier>
    </Filter>
    <Filter Include="Source Files\Encode\Audio">
      <UniqueIdentifier>{25419540-b8a6-4c96-b161-bacf051b7edf}</UniqueIdentifier>
    </Filter>
	<Filter Include="Source Files\Encode\Image">
      <UniqueIdentifier>{24465354-31d9-4198-8cc2-0c1e0c6c12cf}</UniqueIdentifier>
    </Filter>
    <Filter Include="Source Files\Decode\Image">
      <UniqueIdentifier>{51b92a73-fddc-4599-9b1c-bda01ff8945f}</UniqueIdentifier>
    </Filter>
    <Filter Include="Source Files\Decode\Audio">
      <UniqueIdentifier>{a277d348-2609-49fb-ab71-7e20de8e2c68}</UniqueIdentifier>
    </Filter>
    <Filter Include="Header Files\Private">
      <UniqueIdentifier>{6e215331-9d01-4148-be10-821e20088c13}</UniqueIdentifier>
    </Filter>
    <Filter Include="Header Files\Private\Audio">
      <UniqueIdentifier>{9dd19344-f8a7-4b64-bf90-4f6ff3d005dc}</UniqueIdentifier>
    </Filter>
    <Filter Include="Header Files\Private\Image">
      <UniqueIdentifier>{507f6392-4c31-4b65-b185-fdc0c369ff70}</UniqueIdentifier>
    </Filter>
  </ItemGroup>
  <ItemGroup>
    <ClCompile Include="..\libOVIA\src\Flate.c">
      <Filter>Source Files</Filter>
    </ClCompile>
    <ClCompile Include="..\libOVIA\src\libOVIA.c">
      <Filter>Source Files</Filter>
    </ClCompile>
    <ClCompile Include="..\libOVIA\src\Encode\Audio\AIFEncoder.c">
      <Filter>Source Files\Encode\Audio</Filter>
    </ClCompile>
    <ClCompile Include="..\libOVIA\src\Encode\Audio\FLACEncoder.c">
      <Filter>Source Files\Encode\Audio</Filter>
    </ClCompile>
    <ClCompile Include="..\libOVIA\src\Encode\Audio\W64Encoder.c">
      <Filter>Source Files\Encode\Audio</Filter>
    </ClCompile>
    <ClCompile Include="..\libOVIA\src\Encode\Audio\WAVEncoder.c">
      <Filter>Source Files\Encode\Audio</Filter>
    </ClCompile>
    <ClCompile Include="..\libOVIA\src\Decode\Audio\AIFDecoder.c">
      <Filter>Source Files\Decode\Audio</Filter>
    </ClCompile>
    <ClCompile Include="..\libOVIA\src\Decode\Audio\FLACDecoder.c">
      <Filter>Source Files\Decode\Audio</Filter>
    </ClCompile>
    <ClCompile Include="..\libOVIA\src\Decode\Audio\W64Decoder.c">
      <Filter>Source Files\Decode\Audio</Filter>
    </ClCompile>
    <ClCompile Include="..\libOVIA\src\Decode\Audio\WAVDecoder.c">
      <Filter>Source Files\Decode\Audio</Filter>
    </ClCompile>
	<ClCompile Include="..\libOVIA\src\Encode\Image\BMPEncoder.c">
      <Filter>Source Files\Encode\Image</Filter>
    </ClCompile>
    <ClCompile Include="..\libOVIA\src\Encode\Image\PNGDeflate.c">
      <Filter>Source Files\Encode\Image</Filter>
    </ClCompile>
    <ClCompile Include="..\libOVIA\src\Encode\Image\PNGEncoder.c">
      <Filter>Source Files\Encode\Image</Filter>
    </ClCompile>
    <ClCompile Include="..\libOVIA\src\Encode\Image\PNMEncoder.c">
      <Filter>Source Files\Encode\Image</Filter>
    </ClCompile>
    <ClCompile Include="..\libOVIA\src\Decode\Image\BMPDecoder.c">
      <Filter>Source Files\Decode\Image</Filter>
    </ClCompile>
    <ClCompile Include="..\libOVIA\src\Decode\Image\PNGDecoder.c">
      <Filter>Source Files\Decode\Image</Filter>
    </ClCompile>
    <ClCompile Include="..\libOVIA\src\Decode\Image\PNGInflate.c">
      <Filter>Source Files\Decode\Image</Filter>
    </ClCompile>
    <ClCompile Include="..\libOVIA\src\Decode\Image\PNMDecoder.c">
      <Filter>Source Files\Decode\Image</Filter>
    </ClCompile>
  </ItemGroup>
  <ItemGroup>
    <ClInclude Include="..\libOVIA\include\Private\InternalOVIA.h">
      <Filter>Header Files\Private</Filter>
    </ClInclude>
	<ClInclude Include="..\libOVIA\include\Private\Audio\AIFCommon.h">
      <Filter>Header Files\Private\Audio</Filter>
    </ClInclude>
    <ClInclude Include="..\libOVIA\include\Private\Audio\FLACCommon.h">
      <Filter>Header Files\Private\Audio</Filter>
    </ClInclude>
    <ClInclude Include="..\libOVIA\include\Private\Audio\W64Common.h">
      <Filter>Header Files\Private\Audio</Filter>
    </ClInclude>
    <ClInclude Include="..\libOVIA\include\Private\Audio\WAVCommon.h">
      <Filter>Header Files\Private\Audio</Filter>
    </ClInclude>
    <ClInclude Include="..\libOVIA\include\Private\Image\BMPCommon.h">
      <Filter>Header Files\Private\Image</Filter>
    </ClInclude>
    <ClInclude Include="..\libOVIA\include\Private\Image\Flate.h">
      <Filter>Header Files\Private\Image</Filter>
    </ClInclude>
    <ClInclude Include="..\libOVIA\include\Private\Image\PNGCommon.h">
      <Filter>Header Files\Private\Image</Filter>
    </ClInclude>
    <ClInclude Include="..\libOVIA\include\Private\Image\PNMCommon.h">
      <Filter>Header Files\Private\Image</Filter>
    </ClInclude>
    <ClInclude Include="..\libOVIA\include\libOVIA.h">
      <Filter>Header Files</Filter>
    </ClInclude>
  </ItemGroup>
</Project>