// !$*UTF8*$!
{
	archiveVersion = 1;
	classes = {
	};
	objectVersion = 46;
	objects = {

/* Begin PBXBuildFile section */
		2C6B1A791F40534D00ABF2F8 /* libModernPNGComposeChunks.c in Sources */ = {isa = PBXBuildFile; fileRef = 2C6B1A741F40534D00ABF2F8 /* libModernPNGComposeChunks.c */; };
		2C6B1A7A1F40534D00ABF2F8 /* libModernPNGEncode.c in Sources */ = {isa = PBXBuildFile; fileRef = 2C6B1A751F40534D00ABF2F8 /* libModernPNGEncode.c */; };
		2C6B1A7B1F40534D00ABF2F8 /* libModernPNGEncodeAdam7.c in Sources */ = {isa = PBXBuildFile; fileRef = 2C6B1A761F40534D00ABF2F8 /* libModernPNGEncodeAdam7.c */; };
		2C6B1A7C1F40534D00ABF2F8 /* libModernPNGEncodeFilter.c in Sources */ = {isa = PBXBuildFile; fileRef = 2C6B1A771F40534D00ABF2F8 /* libModernPNGEncodeFilter.c */; };
		2C6B1A7D1F40534D00ABF2F8 /* libModernPNGWriteChunks.c in Sources */ = {isa = PBXBuildFile; fileRef = 2C6B1A781F40534D00ABF2F8 /* libModernPNGWriteChunks.c */; };
		2C6B1A811F40535700ABF2F8 /* libModernPNGDecode.c in Sources */ = {isa = PBXBuildFile; fileRef = 2C6B1A7E1F40535700ABF2F8 /* libModernPNGDecode.c */; };
		2C6B1A821F40535700ABF2F8 /* libModernPNGDecodeAdam7.c in Sources */ = {isa = PBXBuildFile; fileRef = 2C6B1A7F1F40535700ABF2F8 /* libModernPNGDecodeAdam7.c */; };
		2C6B1A831F40535700ABF2F8 /* libModernPNGReadChunks.c in Sources */ = {isa = PBXBuildFile; fileRef = 2C6B1A801F40535700ABF2F8 /* libModernPNGReadChunks.c */; };
		2C6B1A8A1F40537A00ABF2F8 /* libModernPNG.h in Headers */ = {isa = PBXBuildFile; fileRef = 2C6B1A891F40537A00ABF2F8 /* libModernPNG.h */; };
		2C6B1A901F40539B00ABF2F8 /* libModernPNGTables.h in Headers */ = {isa = PBXBuildFile; fileRef = 2C6B1A8E1F40539B00ABF2F8 /* libModernPNGTables.h */; };
		2C6B1A911F40539B00ABF2F8 /* libModernPNGTypes.h in Headers */ = {isa = PBXBuildFile; fileRef = 2C6B1A8F1F40539B00ABF2F8 /* libModernPNGTypes.h */; };
		2C6B1A931F4053A300ABF2F8 /* libModernPNGEncode.h in Headers */ = {isa = PBXBuildFile; fileRef = 2C6B1A921F4053A300ABF2F8 /* libModernPNGEncode.h */; };
		2C6B1A961F4053AD00ABF2F8 /* libModernPNGDecode.h in Headers */ = {isa = PBXBuildFile; fileRef = 2C6B1A941F4053AD00ABF2F8 /* libModernPNGDecode.h */; };
		2C6B1A971F4053AD00ABF2F8 /* libModernPNGReadChunks.h in Headers */ = {isa = PBXBuildFile; fileRef = 2C6B1A951F4053AD00ABF2F8 /* libModernPNGReadChunks.h */; };
		2C6B1A9E1F4053DF00ABF2F8 /* ModernPNG.c in Sources */ = {isa = PBXBuildFile; fileRef = 2C6B1A9D1F4053DF00ABF2F8 /* ModernPNG.c */; };
		2C6B1AB71F40547900ABF2F8 /* libBitIO.a in Frameworks */ = {isa = PBXBuildFile; fileRef = 2C6B1AB61F40547900ABF2F8 /* libBitIO.a */; };
		2C6B1AB81F40548400ABF2F8 /* libModernPNG.a in Frameworks */ = {isa = PBXBuildFile; fileRef = 2C6B1A671F4052F400ABF2F8 /* libModernPNG.a */; };
		2C6B1AB91F40548400ABF2F8 /* libPCM.a in Frameworks */ = {isa = PBXBuildFile; fileRef = 2C6B1AA71F40540300ABF2F8 /* libPCM.a */; };
		2C90C2921F4F9C8C00497C35 /* libModernPNGEntropyCoders.c in Sources */ = {isa = PBXBuildFile; fileRef = 2C90C2911F4F9C8C00497C35 /* libModernPNGEntropyCoders.c */; };
		2C90C2961F4F9E7A00497C35 /* libModernPNGEntropyCoders.h in Headers */ = {isa = PBXBuildFile; fileRef = 2C90C2951F4F9E7A00497C35 /* libModernPNGEntropyCoders.h */; };
/* End PBXBuildFile section */

/* Begin PBXContainerItemProxy section */
		2C6B1AA61F40540300ABF2F8 /* PBXContainerItemProxy */ = {
			isa = PBXContainerItemProxy;
			containerPortal = 2C6B1AA01F40540300ABF2F8 /* libPCM.xcodeproj */;
			proxyType = 2;
			remoteGlobalIDString = 2C3065591E809042009F1A54;
			remoteInfo = libPCM;
		};
		2C6B1AA81F40540300ABF2F8 /* PBXContainerItemProxy */ = {
			isa = PBXContainerItemProxy;
			containerPortal = 2C6B1AA01F40540300ABF2F8 /* libPCM.xcodeproj */;
			proxyType = 2;
			remoteGlobalIDString = 2CD232211EB0ECDD005E4D8C;
			remoteInfo = TrimSilence;
		};
/* End PBXContainerItemProxy section */

/* Begin PBXCopyFilesBuildPhase section */
		2C6B1AAC1F40543A00ABF2F8 /* CopyFiles */ = {
			isa = PBXCopyFilesBuildPhase;
			buildActionMask = 2147483647;
			dstPath = /usr/share/man/man1/;
			dstSubfolderSpec = 0;
			files = (
			);
			runOnlyForDeploymentPostprocessing = 1;
		};
/* End PBXCopyFilesBuildPhase section */

/* Begin PBXFileReference section */
		2C6B1A671F4052F400ABF2F8 /* libModernPNG.a */ = {isa = PBXFileReference; explicitFileType = archive.ar; includeInIndex = 0; path = libModernPNG.a; sourceTree = BUILT_PRODUCTS_DIR; };
		2C6B1A741F40534D00ABF2F8 /* libModernPNGComposeChunks.c */ = {isa = PBXFileReference; fileEncoding = 4; lastKnownFileType = sourcecode.c.c; name = libModernPNGComposeChunks.c; path = ../libModernPNG/src/Encode/libModernPNGComposeChunks.c; sourceTree = "<group>"; };
		2C6B1A751F40534D00ABF2F8 /* libModernPNGEncode.c */ = {isa = PBXFileReference; fileEncoding = 4; lastKnownFileType = sourcecode.c.c; name = libModernPNGEncode.c; path = ../libModernPNG/src/Encode/libModernPNGEncode.c; sourceTree = "<group>"; };
		2C6B1A761F40534D00ABF2F8 /* libModernPNGEncodeAdam7.c */ = {isa = PBXFileReference; fileEncoding = 4; lastKnownFileType = sourcecode.c.c; name = libModernPNGEncodeAdam7.c; path = ../libModernPNG/src/Encode/libModernPNGEncodeAdam7.c; sourceTree = "<group>"; };
		2C6B1A771F40534D00ABF2F8 /* libModernPNGEncodeFilter.c */ = {isa = PBXFileReference; fileEncoding = 4; lastKnownFileType = sourcecode.c.c; name = libModernPNGEncodeFilter.c; path = ../libModernPNG/src/Encode/libModernPNGEncodeFilter.c; sourceTree = "<group>"; };
		2C6B1A781F40534D00ABF2F8 /* libModernPNGWriteChunks.c */ = {isa = PBXFileReference; fileEncoding = 4; lastKnownFileType = sourcecode.c.c; name = libModernPNGWriteChunks.c; path = ../libModernPNG/src/Encode/libModernPNGWriteChunks.c; sourceTree = "<group>"; };
		2C6B1A7E1F40535700ABF2F8 /* libModernPNGDecode.c */ = {isa = PBXFileReference; fileEncoding = 4; lastKnownFileType = sourcecode.c.c; name = libModernPNGDecode.c; path = ../libModernPNG/src/Decode/libModernPNGDecode.c; sourceTree = "<group>"; };
		2C6B1A7F1F40535700ABF2F8 /* libModernPNGDecodeAdam7.c */ = {isa = PBXFileReference; fileEncoding = 4; lastKnownFileType = sourcecode.c.c; name = libModernPNGDecodeAdam7.c; path = ../libModernPNG/src/Decode/libModernPNGDecodeAdam7.c; sourceTree = "<group>"; };
		2C6B1A801F40535700ABF2F8 /* libModernPNGReadChunks.c */ = {isa = PBXFileReference; fileEncoding = 4; lastKnownFileType = sourcecode.c.c; name = libModernPNGReadChunks.c; path = ../libModernPNG/src/Decode/libModernPNGReadChunks.c; sourceTree = "<group>"; };
		2C6B1A891F40537A00ABF2F8 /* libModernPNG.h */ = {isa = PBXFileReference; fileEncoding = 4; lastKnownFileType = sourcecode.c.h; name = libModernPNG.h; path = ../libModernPNG/include/libModernPNG.h; sourceTree = "<group>"; };
		2C6B1A8E1F40539B00ABF2F8 /* libModernPNGTables.h */ = {isa = PBXFileReference; fileEncoding = 4; lastKnownFileType = sourcecode.c.h; name = libModernPNGTables.h; path = ../libModernPNG/include/Private/libModernPNGTables.h; sourceTree = "<group>"; };
		2C6B1A8F1F40539B00ABF2F8 /* libModernPNGTypes.h */ = {isa = PBXFileReference; fileEncoding = 4; lastKnownFileType = sourcecode.c.h; name = libModernPNGTypes.h; path = ../libModernPNG/include/Private/libModernPNGTypes.h; sourceTree = "<group>"; };
		2C6B1A921F4053A300ABF2F8 /* libModernPNGEncode.h */ = {isa = PBXFileReference; fileEncoding = 4; lastKnownFileType = sourcecode.c.h; name = libModernPNGEncode.h; path = ../libModernPNG/include/Private/Encode/libModernPNGEncode.h; sourceTree = "<group>"; };
		2C6B1A941F4053AD00ABF2F8 /* libModernPNGDecode.h */ = {isa = PBXFileReference; fileEncoding = 4; lastKnownFileType = sourcecode.c.h; name = libModernPNGDecode.h; path = ../libModernPNG/include/Private/Decode/libModernPNGDecode.h; sourceTree = "<group>"; };
		2C6B1A951F4053AD00ABF2F8 /* libModernPNGReadChunks.h */ = {isa = PBXFileReference; fileEncoding = 4; lastKnownFileType = sourcecode.c.h; name = libModernPNGReadChunks.h; path = ../libModernPNG/include/Private/Decode/libModernPNGReadChunks.h; sourceTree = "<group>"; };
		2C6B1A9D1F4053DF00ABF2F8 /* ModernPNG.c */ = {isa = PBXFileReference; fileEncoding = 4; lastKnownFileType = sourcecode.c.c; name = ModernPNG.c; path = ../ModernPNG/ModernPNG.c; sourceTree = "<group>"; };
		2C6B1AA01F40540300ABF2F8 /* libPCM.xcodeproj */ = {isa = PBXFileReference; lastKnownFileType = "wrapper.pb-project"; name = libPCM.xcodeproj; path = ../Dependencies/libPCM/Projects/libPCM.xcodeproj; sourceTree = "<group>"; };
		2C6B1AAE1F40543A00ABF2F8 /* ModernPNG */ = {isa = PBXFileReference; explicitFileType = "compiled.mach-o.executable"; includeInIndex = 0; path = ModernPNG; sourceTree = BUILT_PRODUCTS_DIR; };
		2C6B1AB61F40547900ABF2F8 /* libBitIO.a */ = {isa = PBXFileReference; lastKnownFileType = archive.ar; name = libBitIO.a; path = ../Dependencies/libPCM/Dependencies/BitIO/Projects/build/Debug/libBitIO.a; sourceTree = "<group>"; };
		2C90C2911F4F9C8C00497C35 /* libModernPNGEntropyCoders.c */ = {isa = PBXFileReference; fileEncoding = 4; lastKnownFileType = sourcecode.c.c; name = libModernPNGEntropyCoders.c; path = ../libModernPNG/src/Common/libModernPNGEntropyCoders.c; sourceTree = "<group>"; };
		2C90C2951F4F9E7A00497C35 /* libModernPNGEntropyCoders.h */ = {isa = PBXFileReference; fileEncoding = 4; lastKnownFileType = sourcecode.c.h; name = libModernPNGEntropyCoders.h; path = ../libModernPNG/include/Private/Common/libModernPNGEntropyCoders.h; sourceTree = "<group>"; };
/* End PBXFileReference section */

/* Begin PBXFrameworksBuildPhase section */
		2C6B1A641F4052F400ABF2F8 /* Frameworks */ = {
			isa = PBXFrameworksBuildPhase;
			buildActionMask = 2147483647;
			files = (
				2C6B1AB71F40547900ABF2F8 /* libBitIO.a in Frameworks */,
			);
			runOnlyForDeploymentPostprocessing = 0;
		};
		2C6B1AAB1F40543A00ABF2F8 /* Frameworks */ = {
			isa = PBXFrameworksBuildPhase;
			buildActionMask = 2147483647;
			files = (
				2C6B1AB81F40548400ABF2F8 /* libModernPNG.a in Frameworks */,
				2C6B1AB91F40548400ABF2F8 /* libPCM.a in Frameworks */,
			);
			runOnlyForDeploymentPostprocessing = 0;
		};
/* End PBXFrameworksBuildPhase section */

/* Begin PBXGroup section */
		2C6B1A5E1F4052F400ABF2F8 = {
			isa = PBXGroup;
			children = (
				2C6B1A9F1F4053E700ABF2F8 /* Dependencies */,
				2C6B1A6E1F40530F00ABF2F8 /* libModernPNG */,
				2C6B1A9C1F4053D100ABF2F8 /* ModernPNG */,
				2C6B1AB51F40547900ABF2F8 /* Frameworks */,
				2C6B1A681F4052F400ABF2F8 /* Products */,
			);
			sourceTree = "<group>";
		};
		2C6B1A681F4052F400ABF2F8 /* Products */ = {
			isa = PBXGroup;
			children = (
				2C6B1A671F4052F400ABF2F8 /* libModernPNG.a */,
				2C6B1AAE1F40543A00ABF2F8 /* ModernPNG */,
			);
			name = Products;
			sourceTree = "<group>";
		};
		2C6B1A6E1F40530F00ABF2F8 /* libModernPNG */ = {
			isa = PBXGroup;
			children = (
				2C6B1A701F40532200ABF2F8 /* Headers */,
				2C6B1A6F1F40531800ABF2F8 /* Source */,
			);
			name = libModernPNG;
			sourceTree = "<group>";
		};
		2C6B1A6F1F40531800ABF2F8 /* Source */ = {
			isa = PBXGroup;
			children = (
				2C6B1A731F40533800ABF2F8 /* Common */,
				2C6B1A721F40533200ABF2F8 /* Decode */,
				2C6B1A711F40532D00ABF2F8 /* Encode */,
			);
			name = Source;
			sourceTree = "<group>";
		};
		2C6B1A701F40532200ABF2F8 /* Headers */ = {
			isa = PBXGroup;
			children = (
				2C6B1A891F40537A00ABF2F8 /* libModernPNG.h */,
				2C6B1A881F40537100ABF2F8 /* Private */,
			);
			name = Headers;
			sourceTree = "<group>";
		};
		2C6B1A711F40532D00ABF2F8 /* Encode */ = {
			isa = PBXGroup;
			children = (
				2C6B1A741F40534D00ABF2F8 /* libModernPNGComposeChunks.c */,
				2C6B1A751F40534D00ABF2F8 /* libModernPNGEncode.c */,
				2C6B1A761F40534D00ABF2F8 /* libModernPNGEncodeAdam7.c */,
				2C6B1A771F40534D00ABF2F8 /* libModernPNGEncodeFilter.c */,
				2C6B1A781F40534D00ABF2F8 /* libModernPNGWriteChunks.c */,
			);
			name = Encode;
			sourceTree = "<group>";
		};
		2C6B1A721F40533200ABF2F8 /* Decode */ = {
			isa = PBXGroup;
			children = (
				2C6B1A7E1F40535700ABF2F8 /* libModernPNGDecode.c */,
				2C6B1A7F1F40535700ABF2F8 /* libModernPNGDecodeAdam7.c */,
				2C6B1A801F40535700ABF2F8 /* libModernPNGReadChunks.c */,
			);
			name = Decode;
			sourceTree = "<group>";
		};
		2C6B1A731F40533800ABF2F8 /* Common */ = {
			isa = PBXGroup;
			children = (
				2C90C2911F4F9C8C00497C35 /* libModernPNGEntropyCoders.c */,
			);
			name = Common;
			sourceTree = "<group>";
		};
		2C6B1A881F40537100ABF2F8 /* Private */ = {
			isa = PBXGroup;
			children = (
				2C6B1A8E1F40539B00ABF2F8 /* libModernPNGTables.h */,
				2C6B1A8F1F40539B00ABF2F8 /* libModernPNGTypes.h */,
				2C6B1A8D1F40538E00ABF2F8 /* Common */,
				2C6B1A8C1F40538900ABF2F8 /* Decode */,
				2C6B1A8B1F40538300ABF2F8 /* Encode */,
			);
			name = Private;
			sourceTree = "<group>";
		};
		2C6B1A8B1F40538300ABF2F8 /* Encode */ = {
			isa = PBXGroup;
			children = (
				2C6B1A921F4053A300ABF2F8 /* libModernPNGEncode.h */,
			);
			name = Encode;
			sourceTree = "<group>";
		};
		2C6B1A8C1F40538900ABF2F8 /* Decode */ = {
			isa = PBXGroup;
			children = (
				2C6B1A941F4053AD00ABF2F8 /* libModernPNGDecode.h */,
				2C6B1A951F4053AD00ABF2F8 /* libModernPNGReadChunks.h */,
			);
			name = Decode;
			sourceTree = "<group>";
		};
		2C6B1A8D1F40538E00ABF2F8 /* Common */ = {
			isa = PBXGroup;
			children = (
				2C90C2951F4F9E7A00497C35 /* libModernPNGEntropyCoders.h */,
			);
			name = Common;
			sourceTree = "<group>";
		};
		2C6B1A9C1F4053D100ABF2F8 /* ModernPNG */ = {
			isa = PBXGroup;
			children = (
				2C6B1A9D1F4053DF00ABF2F8 /* ModernPNG.c */,
			);
			name = ModernPNG;
			sourceTree = "<group>";
		};
		2C6B1A9F1F4053E700ABF2F8 /* Dependencies */ = {
			isa = PBXGroup;
			children = (
				2C6B1AA01F40540300ABF2F8 /* libPCM.xcodeproj */,
			);
			name = Dependencies;
			sourceTree = "<group>";
		};
		2C6B1AA11F40540300ABF2F8 /* Products */ = {
			isa = PBXGroup;
			children = (
				2C6B1AA71F40540300ABF2F8 /* libPCM.a */,
				2C6B1AA91F40540300ABF2F8 /* TrimSilence */,
			);
			name = Products;
			sourceTree = "<group>";
		};
		2C6B1AB51F40547900ABF2F8 /* Frameworks */ = {
			isa = PBXGroup;
			children = (
				2C6B1AB61F40547900ABF2F8 /* libBitIO.a */,
			);
			name = Frameworks;
			sourceTree = "<group>";
		};
/* End PBXGroup section */

/* Begin PBXHeadersBuildPhase section */
		2C6B1A651F4052F400ABF2F8 /* Headers */ = {
			isa = PBXHeadersBuildPhase;
			buildActionMask = 2147483647;
			files = (
				2C6B1A911F40539B00ABF2F8 /* libModernPNGTypes.h in Headers */,
				2C6B1A931F4053A300ABF2F8 /* libModernPNGEncode.h in Headers */,
				2C90C2961F4F9E7A00497C35 /* libModernPNGEntropyCoders.h in Headers */,
				2C6B1A961F4053AD00ABF2F8 /* libModernPNGDecode.h in Headers */,
				2C6B1A971F4053AD00ABF2F8 /* libModernPNGReadChunks.h in Headers */,
				2C6B1A901F40539B00ABF2F8 /* libModernPNGTables.h in Headers */,
				2C6B1A8A1F40537A00ABF2F8 /* libModernPNG.h in Headers */,
			);
			runOnlyForDeploymentPostprocessing = 0;
		};
/* End PBXHeadersBuildPhase section */

/* Begin PBXNativeTarget section */
		2C6B1A661F4052F400ABF2F8 /* libModernPNG */ = {
			isa = PBXNativeTarget;
			buildConfigurationList = 2C6B1A6B1F4052F400ABF2F8 /* Build configuration list for PBXNativeTarget "libModernPNG" */;
			buildPhases = (
				2C6B1A631F4052F400ABF2F8 /* Sources */,
				2C6B1A641F4052F400ABF2F8 /* Frameworks */,
				2C6B1A651F4052F400ABF2F8 /* Headers */,
			);
			buildRules = (
			);
			dependencies = (
			);
			name = libModernPNG;
			productName = ModernPNG;
			productReference = 2C6B1A671F4052F400ABF2F8 /* libModernPNG.a */;
			productType = "com.apple.product-type.library.static";
		};
		2C6B1AAD1F40543A00ABF2F8 /* ModernPNG */ = {
			isa = PBXNativeTarget;
			buildConfigurationList = 2C6B1AB21F40543A00ABF2F8 /* Build configuration list for PBXNativeTarget "ModernPNG" */;
			buildPhases = (
				2C6B1AAA1F40543A00ABF2F8 /* Sources */,
				2C6B1AAB1F40543A00ABF2F8 /* Frameworks */,
				2C6B1AAC1F40543A00ABF2F8 /* CopyFiles */,
			);
			buildRules = (
			);
			dependencies = (
			);
			name = ModernPNG;
			productName = ModernPNG;
			productReference = 2C6B1AAE1F40543A00ABF2F8 /* ModernPNG */;
			productType = "com.apple.product-type.tool";
		};
/* End PBXNativeTarget section */

/* Begin PBXProject section */
		2C6B1A5F1F4052F400ABF2F8 /* Project object */ = {
			isa = PBXProject;
			attributes = {
				LastUpgradeCheck = 0830;
				ORGANIZATIONNAME = "Marcus Johnson";
				TargetAttributes = {
					2C6B1A661F4052F400ABF2F8 = {
						CreatedOnToolsVersion = 8.3.3;
						DevelopmentTeam = 628J9L7WK5;
						ProvisioningStyle = Automatic;
					};
					2C6B1AAD1F40543A00ABF2F8 = {
						CreatedOnToolsVersion = 8.3.3;
						DevelopmentTeam = 628J9L7WK5;
						ProvisioningStyle = Automatic;
					};
				};
			};
			buildConfigurationList = 2C6B1A621F4052F400ABF2F8 /* Build configuration list for PBXProject "ModernPNG" */;
			compatibilityVersion = "Xcode 3.2";
			developmentRegion = English;
			hasScannedForEncodings = 0;
			knownRegions = (
				en,
			);
			mainGroup = 2C6B1A5E1F4052F400ABF2F8;
			productRefGroup = 2C6B1A681F4052F400ABF2F8 /* Products */;
			projectDirPath = "";
			projectReferences = (
				{
					ProductGroup = 2C6B1AA11F40540300ABF2F8 /* Products */;
					ProjectRef = 2C6B1AA01F40540300ABF2F8 /* libPCM.xcodeproj */;
				},
			);
			projectRoot = "";
			targets = (
				2C6B1A661F4052F400ABF2F8 /* libModernPNG */,
				2C6B1AAD1F40543A00ABF2F8 /* ModernPNG */,
			);
		};
/* End PBXProject section */

/* Begin PBXReferenceProxy section */
		2C6B1AA71F40540300ABF2F8 /* libPCM.a */ = {
			isa = PBXReferenceProxy;
			fileType = archive.ar;
			path = libPCM.a;
			remoteRef = 2C6B1AA61F40540300ABF2F8 /* PBXContainerItemProxy */;
			sourceTree = BUILT_PRODUCTS_DIR;
		};
		2C6B1AA91F40540300ABF2F8 /* TrimSilence */ = {
			isa = PBXReferenceProxy;
			fileType = "compiled.mach-o.executable";
			path = TrimSilence;
			remoteRef = 2C6B1AA81F40540300ABF2F8 /* PBXContainerItemProxy */;
			sourceTree = BUILT_PRODUCTS_DIR;
		};
/* End PBXReferenceProxy section */

/* Begin PBXSourcesBuildPhase section */
		2C6B1A631F4052F400ABF2F8 /* Sources */ = {
			isa = PBXSourcesBuildPhase;
			buildActionMask = 2147483647;
			files = (
				2C6B1A811F40535700ABF2F8 /* libModernPNGDecode.c in Sources */,
				2C6B1A7C1F40534D00ABF2F8 /* libModernPNGEncodeFilter.c in Sources */,
				2C6B1A831F40535700ABF2F8 /* libModernPNGReadChunks.c in Sources */,
				2C6B1A9E1F4053DF00ABF2F8 /* ModernPNG.c in Sources */,
				2C6B1A7D1F40534D00ABF2F8 /* libModernPNGWriteChunks.c in Sources */,
				2C90C2921F4F9C8C00497C35 /* libModernPNGEntropyCoders.c in Sources */,
				2C6B1A7A1F40534D00ABF2F8 /* libModernPNGEncode.c in Sources */,
				2C6B1A7B1F40534D00ABF2F8 /* libModernPNGEncodeAdam7.c in Sources */,
				2C6B1A791F40534D00ABF2F8 /* libModernPNGComposeChunks.c in Sources */,
				2C6B1A821F40535700ABF2F8 /* libModernPNGDecodeAdam7.c in Sources */,
			);
			runOnlyForDeploymentPostprocessing = 0;
		};
		2C6B1AAA1F40543A00ABF2F8 /* Sources */ = {
			isa = PBXSourcesBuildPhase;
			buildActionMask = 2147483647;
			files = (
			);
			runOnlyForDeploymentPostprocessing = 0;
		};
/* End PBXSourcesBuildPhase section */

/* Begin XCBuildConfiguration section */
		2C6B1A691F4052F400ABF2F8 /* Debug */ = {
			isa = XCBuildConfiguration;
			buildSettings = {
				ALWAYS_SEARCH_USER_PATHS = NO;
				APPLY_RULES_IN_COPY_FILES = YES;
				CLANG_ANALYZER_NONNULL = YES;
				CLANG_ANALYZER_NUMBER_OBJECT_CONVERSION = YES_AGGRESSIVE;
				CLANG_ANALYZER_SECURITY_FLOATLOOPCOUNTER = YES;
				CLANG_ANALYZER_SECURITY_INSECUREAPI_RAND = YES;
				CLANG_ANALYZER_SECURITY_INSECUREAPI_STRCPY = YES;
				CLANG_ANALYZER_SECURITY_KEYCHAIN_API = NO;
				CLANG_CXX_LANGUAGE_STANDARD = "c++14";
				CLANG_CXX_LIBRARY = "libc++";
				CLANG_ENABLE_MODULES = YES;
				CLANG_ENABLE_OBJC_ARC = YES;
				CLANG_STATIC_ANALYZER_MODE = deep;
				CLANG_WARN_ASSIGN_ENUM = YES;
				CLANG_WARN_BOOL_CONVERSION = YES;
				CLANG_WARN_CONSTANT_CONVERSION = YES;
				CLANG_WARN_CXX0X_EXTENSIONS = YES;
				CLANG_WARN_DIRECT_OBJC_ISA_USAGE = YES_ERROR;
				CLANG_WARN_DOCUMENTATION_COMMENTS = YES;
				CLANG_WARN_EMPTY_BODY = NO;
				CLANG_WARN_ENUM_CONVERSION = YES;
				CLANG_WARN_INFINITE_RECURSION = YES;
				CLANG_WARN_INT_CONVERSION = YES;
				CLANG_WARN_OBJC_ROOT_CLASS = YES_ERROR;
				CLANG_WARN_SUSPICIOUS_IMPLICIT_CONVERSION = YES;
				CLANG_WARN_SUSPICIOUS_MOVE = YES;
				CLANG_WARN_UNREACHABLE_CODE = YES;
				CLANG_WARN__DUPLICATE_METHOD_MATCH = YES;
				CODE_SIGN_IDENTITY = "Mac Developer";
				COPY_PHASE_STRIP = NO;
				DEAD_CODE_STRIPPING = YES;
				DEBUG_INFORMATION_FORMAT = dwarf;
				DEVELOPMENT_TEAM = 628J9L7WK5;
				ENABLE_STRICT_OBJC_MSGSEND = YES;
				ENABLE_TESTABILITY = YES;
				GCC_CHAR_IS_UNSIGNED_CHAR = YES;
				GCC_CW_ASM_SYNTAX = NO;
				GCC_C_LANGUAGE_STANDARD = c11;
				GCC_DYNAMIC_NO_PIC = NO;
				GCC_ENABLE_TRIGRAPHS = NO;
				GCC_NO_COMMON_BLOCKS = YES;
				GCC_OPTIMIZATION_LEVEL = 0;
				GCC_PREPROCESSOR_DEFINITIONS = (
					"DEBUG=1",
					"$(inherited)",
				);
				GCC_UNROLL_LOOPS = YES;
				GCC_WARN_64_TO_32_BIT_CONVERSION = NO;
				GCC_WARN_ABOUT_MISSING_FIELD_INITIALIZERS = YES;
				GCC_WARN_ABOUT_MISSING_NEWLINE = YES;
				GCC_WARN_ABOUT_MISSING_PROTOTYPES = YES;
				GCC_WARN_ABOUT_RETURN_TYPE = YES_ERROR;
				GCC_WARN_FOUR_CHARACTER_CONSTANTS = YES;
				GCC_WARN_HIDDEN_VIRTUAL_FUNCTIONS = YES;
				GCC_WARN_INITIALIZER_NOT_FULLY_BRACKETED = YES;
				GCC_WARN_PEDANTIC = YES;
				GCC_WARN_SHADOW = YES;
				GCC_WARN_SIGN_COMPARE = YES;
				GCC_WARN_UNDECLARED_SELECTOR = YES;
				GCC_WARN_UNINITIALIZED_AUTOS = YES_AGGRESSIVE;
				GCC_WARN_UNKNOWN_PRAGMAS = YES;
				GCC_WARN_UNUSED_FUNCTION = YES;
				GCC_WARN_UNUSED_LABEL = YES;
				GCC_WARN_UNUSED_PARAMETER = YES;
				GCC_WARN_UNUSED_VARIABLE = YES;
				INFOPLIST_OUTPUT_FORMAT = binary;
				IPHONEOS_DEPLOYMENT_TARGET = 8.0;
				LLVM_LTO = YES;
				MACOSX_DEPLOYMENT_TARGET = 10.6;
				MTL_ENABLE_DEBUG_INFO = YES;
				ONLY_ACTIVE_ARCH = YES;
				OTHER_CFLAGS = (
					"-ferror-limit=1024",
					"-fvectorize",
					"-funroll-loops",
					"-Wall",
					"-pedantic",
				);
				PLIST_FILE_OUTPUT_FORMAT = binary;
				SDKROOT = macosx;
				STRINGS_FILE_OUTPUT_ENCODING = binary;
				SUPPORTED_PLATFORMS = "macosx iphoneos";
				VALID_ARCHS = "arm64 x86_64";
			};
			name = Debug;
		};
		2C6B1A6A1F4052F400ABF2F8 /* Release */ = {
			isa = XCBuildConfiguration;
			buildSettings = {
				ALWAYS_SEARCH_USER_PATHS = NO;
				APPLY_RULES_IN_COPY_FILES = YES;
				CLANG_ANALYZER_NONNULL = YES;
				CLANG_ANALYZER_NUMBER_OBJECT_CONVERSION = YES_AGGRESSIVE;
				CLANG_ANALYZER_SECURITY_FLOATLOOPCOUNTER = YES;
				CLANG_ANALYZER_SECURITY_INSECUREAPI_RAND = YES;
				CLANG_ANALYZER_SECURITY_INSECUREAPI_STRCPY = YES;
				CLANG_ANALYZER_SECURITY_KEYCHAIN_API = NO;
				CLANG_CXX_LANGUAGE_STANDARD = "c++14";
				CLANG_CXX_LIBRARY = "libc++";
				CLANG_ENABLE_MODULES = YES;
				CLANG_ENABLE_OBJC_ARC = YES;
				CLANG_STATIC_ANALYZER_MODE = deep;
				CLANG_WARN_ASSIGN_ENUM = YES;
				CLANG_WARN_BOOL_CONVERSION = YES;
				CLANG_WARN_CONSTANT_CONVERSION = YES;
				CLANG_WARN_CXX0X_EXTENSIONS = YES;
				CLANG_WARN_DIRECT_OBJC_ISA_USAGE = YES_ERROR;
				CLANG_WARN_DOCUMENTATION_COMMENTS = YES;
				CLANG_WARN_EMPTY_BODY = NO;
				CLANG_WARN_ENUM_CONVERSION = YES;
				CLANG_WARN_INFINITE_RECURSION = YES;
				CLANG_WARN_INT_CONVERSION = YES;
				CLANG_WARN_OBJC_ROOT_CLASS = YES_ERROR;
				CLANG_WARN_SUSPICIOUS_IMPLICIT_CONVERSION = YES;
				CLANG_WARN_SUSPICIOUS_MOVE = YES;
				CLANG_WARN_UNREACHABLE_CODE = YES;
				CLANG_WARN__DUPLICATE_METHOD_MATCH = YES;
				CODE_SIGN_IDENTITY = "Mac Developer";
				COPY_PHASE_STRIP = YES;
				DEAD_CODE_STRIPPING = YES;
				DEBUG_INFORMATION_FORMAT = "dwarf-with-dsym";
				DEPLOYMENT_POSTPROCESSING = YES;
				DEVELOPMENT_TEAM = 628J9L7WK5;
				ENABLE_NS_ASSERTIONS = NO;
				ENABLE_STRICT_OBJC_MSGSEND = YES;
				GCC_CHAR_IS_UNSIGNED_CHAR = YES;
				GCC_CW_ASM_SYNTAX = NO;
				GCC_C_LANGUAGE_STANDARD = c11;
				GCC_ENABLE_TRIGRAPHS = NO;
				GCC_NO_COMMON_BLOCKS = YES;
				GCC_UNROLL_LOOPS = YES;
				GCC_WARN_64_TO_32_BIT_CONVERSION = NO;
				GCC_WARN_ABOUT_MISSING_FIELD_INITIALIZERS = YES;
				GCC_WARN_ABOUT_MISSING_NEWLINE = YES;
				GCC_WARN_ABOUT_MISSING_PROTOTYPES = YES;
				GCC_WARN_ABOUT_RETURN_TYPE = YES_ERROR;
				GCC_WARN_FOUR_CHARACTER_CONSTANTS = YES;
				GCC_WARN_HIDDEN_VIRTUAL_FUNCTIONS = YES;
				GCC_WARN_INITIALIZER_NOT_FULLY_BRACKETED = YES;
				GCC_WARN_PEDANTIC = YES;
				GCC_WARN_SHADOW = YES;
				GCC_WARN_SIGN_COMPARE = YES;
				GCC_WARN_UNDECLARED_SELECTOR = YES;
				GCC_WARN_UNINITIALIZED_AUTOS = YES_AGGRESSIVE;
				GCC_WARN_UNKNOWN_PRAGMAS = YES;
				GCC_WARN_UNUSED_FUNCTION = YES;
				GCC_WARN_UNUSED_LABEL = YES;
				GCC_WARN_UNUSED_PARAMETER = YES;
				GCC_WARN_UNUSED_VARIABLE = YES;
				INFOPLIST_OUTPUT_FORMAT = binary;
				IPHONEOS_DEPLOYMENT_TARGET = 8.0;
				LLVM_LTO = YES;
				MACOSX_DEPLOYMENT_TARGET = 10.6;
				MTL_ENABLE_DEBUG_INFO = NO;
				OTHER_CFLAGS = (
					"-ferror-limit=1024",
					"-fvectorize",
					"-funroll-loops",
					"-Wall",
					"-pedantic",
				);
				PLIST_FILE_OUTPUT_FORMAT = binary;
				SDKROOT = macosx;
				STRINGS_FILE_OUTPUT_ENCODING = binary;
				SUPPORTED_PLATFORMS = "macosx iphoneos";
				VALID_ARCHS = "arm64 x86_64";
			};
			name = Release;
		};
		2C6B1A6C1F4052F400ABF2F8 /* Debug */ = {
			isa = XCBuildConfiguration;
			buildSettings = {
				DEVELOPMENT_TEAM = 628J9L7WK5;
				EXECUTABLE_PREFIX = "";
				PRODUCT_NAME = "$(TARGET_NAME)";
				SUPPORTED_PLATFORMS = "macosx iphoneos";
				VALID_ARCHS = "arm64 x86_64";
			};
			name = Debug;
		};
		2C6B1A6D1F4052F400ABF2F8 /* Release */ = {
			isa = XCBuildConfiguration;
			buildSettings = {
				DEVELOPMENT_TEAM = 628J9L7WK5;
				EXECUTABLE_PREFIX = "";
				PRODUCT_NAME = "$(TARGET_NAME)";
				SUPPORTED_PLATFORMS = "macosx iphoneos";
				VALID_ARCHS = "arm64 x86_64";
			};
			name = Release;
		};
		2C6B1AB31F40543A00ABF2F8 /* Debug */ = {
			isa = XCBuildConfiguration;
			buildSettings = {
				DEVELOPMENT_TEAM = 628J9L7WK5;
				PRODUCT_NAME = "$(TARGET_NAME)";
			};
			name = Debug;
		};
		2C6B1AB41F40543A00ABF2F8 /* Release */ = {
			isa = XCBuildConfiguration;
			buildSettings = {
				DEVELOPMENT_TEAM = 628J9L7WK5;
				PRODUCT_NAME = "$(TARGET_NAME)";
			};
			name = Release;
		};
/* End XCBuildConfiguration section */

/* Begin XCConfigurationList section */
		2C6B1A621F4052F400ABF2F8 /* Build configuration list for PBXProject "ModernPNG" */ = {
			isa = XCConfigurationList;
			buildConfigurations = (
				2C6B1A691F4052F400ABF2F8 /* Debug */,
				2C6B1A6A1F4052F400ABF2F8 /* Release */,
			);
			defaultConfigurationIsVisible = 0;
			defaultConfigurationName = Release;
		};
		2C6B1A6B1F4052F400ABF2F8 /* Build configuration list for PBXNativeTarget "libModernPNG" */ = {
			isa = XCConfigurationList;
			buildConfigurations = (
				2C6B1A6C1F4052F400ABF2F8 /* Debug */,
				2C6B1A6D1F4052F400ABF2F8 /* Release */,
			);
			defaultConfigurationIsVisible = 0;
			defaultConfigurationName = Release;
		};
		2C6B1AB21F40543A00ABF2F8 /* Build configuration list for PBXNativeTarget "ModernPNG" */ = {
			isa = XCConfigurationList;
			buildConfigurations = (
				2C6B1AB31F40543A00ABF2F8 /* Debug */,
				2C6B1AB41F40543A00ABF2F8 /* Release */,
			);
			defaultConfigurationIsVisible = 0;
			defaultConfigurationName = Release;
		};
/* End XCConfigurationList section */
	};
	rootObject = 2C6B1A5F1F4052F400ABF2F8 /* Project object */;
}
