// !$*UTF8*$!
{
	archiveVersion = 1;
	classes = {
	};
	objectVersion = 46;
	objects = {

/* Begin PBXBuildFile section */
		2C03FC641E84C8500075BA8C /* ModernPNG.c in Sources */ = {isa = PBXBuildFile; fileRef = 2C03FC631E84C8500075BA8C /* ModernPNG.c */; };
		2C146D7B1EB8FC3100D7F523 /* DecodeAdam7.c in Sources */ = {isa = PBXBuildFile; fileRef = 2C146D7A1EB8FC3100D7F523 /* DecodeAdam7.c */; };
		2C146D7D1EB90D2200D7F523 /* EncodeAdam7.c in Sources */ = {isa = PBXBuildFile; fileRef = 2C146D7C1EB90D2200D7F523 /* EncodeAdam7.c */; };
		2C52D1A31EA4A664006C1BF5 /* EncodeModernPNG.c in Sources */ = {isa = PBXBuildFile; fileRef = 2C52D1A11EA4A664006C1BF5 /* EncodeModernPNG.c */; };
		2C52D1A41EA4A664006C1BF5 /* WriteModernPNGChunks.c in Sources */ = {isa = PBXBuildFile; fileRef = 2C52D1A21EA4A664006C1BF5 /* WriteModernPNGChunks.c */; };
		2C52D1A71EA4A676006C1BF5 /* DecodeModernPNG.c in Sources */ = {isa = PBXBuildFile; fileRef = 2C52D1A51EA4A676006C1BF5 /* DecodeModernPNG.c */; };
		2C52D1A81EA4A676006C1BF5 /* ReadModernPNGChunks.c in Sources */ = {isa = PBXBuildFile; fileRef = 2C52D1A61EA4A676006C1BF5 /* ReadModernPNGChunks.c */; };
		2C6B1A451F404A8100ABF2F8 /* ModernPNGAdler32.h in Headers */ = {isa = PBXBuildFile; fileRef = 2C6B1A441F404A8100ABF2F8 /* ModernPNGAdler32.h */; };
		2C6B1A491F404A8B00ABF2F8 /* ModernPNGAdler32.c in Sources */ = {isa = PBXBuildFile; fileRef = 2C6B1A481F404A8B00ABF2F8 /* ModernPNGAdler32.c */; };
		2C7BEEF01F26D8EA00A57116 /* FilterEnc.c in Sources */ = {isa = PBXBuildFile; fileRef = 2C7BEEEF1F26D8EA00A57116 /* FilterEnc.c */; };
		2C7BEEF21F26DF6100A57116 /* ComposeModernPNGChunks.c in Sources */ = {isa = PBXBuildFile; fileRef = 2C7BEEF11F26DF6100A57116 /* ComposeModernPNGChunks.c */; };
		2C8AADEF1E8430A4007F8867 /* libModernPNG.h in Headers */ = {isa = PBXBuildFile; fileRef = 2C8AADEE1E8430A4007F8867 /* libModernPNG.h */; };
		2CBAD0081F31C8EE00DD46A8 /* libBitIO.a in Frameworks */ = {isa = PBXBuildFile; fileRef = 2CBAD0071F31C8EE00DD46A8 /* libBitIO.a */; };
		2CBAD0091F31C8F900DD46A8 /* libModernPNG.a in Frameworks */ = {isa = PBXBuildFile; fileRef = 2CCB24331E3B9C550057A30C /* libModernPNG.a */; };
		2CDA4B041F36B693005E6AD1 /* ModernPNGTables.h in Headers */ = {isa = PBXBuildFile; fileRef = 2CDA4B021F36B693005E6AD1 /* ModernPNGTables.h */; };
		2CDA4B051F36B693005E6AD1 /* ModernPNGTypes.h in Headers */ = {isa = PBXBuildFile; fileRef = 2CDA4B031F36B693005E6AD1 /* ModernPNGTypes.h */; };
		2CDA4B071F36B69D005E6AD1 /* EncodeModernPNG.h in Headers */ = {isa = PBXBuildFile; fileRef = 2CDA4B061F36B69D005E6AD1 /* EncodeModernPNG.h */; };
		2CDA4B0A1F36B6AD005E6AD1 /* DecodeModernPNG.h in Headers */ = {isa = PBXBuildFile; fileRef = 2CDA4B081F36B6AD005E6AD1 /* DecodeModernPNG.h */; };
		2CDA4B0B1F36B6AD005E6AD1 /* ReadModernPNGChunks.h in Headers */ = {isa = PBXBuildFile; fileRef = 2CDA4B091F36B6AD005E6AD1 /* ReadModernPNGChunks.h */; };
/* End PBXBuildFile section */

/* Begin PBXContainerItemProxy section */
		2CBC41991F25972400BBA28A /* PBXContainerItemProxy */ = {
			isa = PBXContainerItemProxy;
			containerPortal = 2CBC41931F25972400BBA28A /* libPCM.xcodeproj */;
			proxyType = 2;
			remoteGlobalIDString = 2C3065591E809042009F1A54;
			remoteInfo = libPCM;
		};
		2CBC419B1F25972400BBA28A /* PBXContainerItemProxy */ = {
			isa = PBXContainerItemProxy;
			containerPortal = 2CBC41931F25972400BBA28A /* libPCM.xcodeproj */;
			proxyType = 2;
			remoteGlobalIDString = 2CD232211EB0ECDD005E4D8C;
			remoteInfo = TrimSilence;
		};
/* End PBXContainerItemProxy section */

/* Begin PBXCopyFilesBuildPhase section */
		2CCB24461E3B9E660057A30C /* CopyFiles */ = {
			isa = PBXCopyFilesBuildPhase;
			buildActionMask = 2147483647;
			dstPath = /usr/share/man/man1/;
			dstSubfolderSpec = 0;
			files = (
			);
			runOnlyForDeploymentPostprocessing = 1;
		};
/* End PBXCopyFilesBuildPhase section */

/* Begin PBXFileReference section */
		2C03FC631E84C8500075BA8C /* ModernPNG.c */ = {isa = PBXFileReference; fileEncoding = 4; lastKnownFileType = sourcecode.c.c; name = ModernPNG.c; path = ../ModernPNG/ModernPNG.c; sourceTree = "<group>"; };
		2C146D7A1EB8FC3100D7F523 /* DecodeAdam7.c */ = {isa = PBXFileReference; fileEncoding = 4; lastKnownFileType = sourcecode.c.c; name = DecodeAdam7.c; path = ../libModernPNG/src/Decode/DecodeAdam7.c; sourceTree = "<group>"; };
		2C146D7C1EB90D2200D7F523 /* EncodeAdam7.c */ = {isa = PBXFileReference; fileEncoding = 4; lastKnownFileType = sourcecode.c.c; name = EncodeAdam7.c; path = ../libModernPNG/src/Encode/EncodeAdam7.c; sourceTree = "<group>"; };
		2C52D1A11EA4A664006C1BF5 /* EncodeModernPNG.c */ = {isa = PBXFileReference; fileEncoding = 4; lastKnownFileType = sourcecode.c.c; name = EncodeModernPNG.c; path = ../libModernPNG/src/Encode/EncodeModernPNG.c; sourceTree = "<group>"; };
		2C52D1A21EA4A664006C1BF5 /* WriteModernPNGChunks.c */ = {isa = PBXFileReference; fileEncoding = 4; lastKnownFileType = sourcecode.c.c; name = WriteModernPNGChunks.c; path = ../libModernPNG/src/Encode/WriteModernPNGChunks.c; sourceTree = "<group>"; };
		2C52D1A51EA4A676006C1BF5 /* DecodeModernPNG.c */ = {isa = PBXFileReference; fileEncoding = 4; lastKnownFileType = sourcecode.c.c; name = DecodeModernPNG.c; path = ../libModernPNG/src/Decode/DecodeModernPNG.c; sourceTree = "<group>"; };
		2C52D1A61EA4A676006C1BF5 /* ReadModernPNGChunks.c */ = {isa = PBXFileReference; fileEncoding = 4; lastKnownFileType = sourcecode.c.c; name = ReadModernPNGChunks.c; path = ../libModernPNG/src/Decode/ReadModernPNGChunks.c; sourceTree = "<group>"; };
		2C6B1A441F404A8100ABF2F8 /* ModernPNGAdler32.h */ = {isa = PBXFileReference; fileEncoding = 4; lastKnownFileType = sourcecode.c.h; name = ModernPNGAdler32.h; path = ../libModernPNG/include/Private/ModernPNGAdler32.h; sourceTree = "<group>"; };
		2C6B1A481F404A8B00ABF2F8 /* ModernPNGAdler32.c */ = {isa = PBXFileReference; fileEncoding = 4; lastKnownFileType = sourcecode.c.c; name = ModernPNGAdler32.c; path = ../libModernPNG/src/ModernPNGAdler32.c; sourceTree = "<group>"; };
		2C7BEEEF1F26D8EA00A57116 /* FilterEnc.c */ = {isa = PBXFileReference; fileEncoding = 4; lastKnownFileType = sourcecode.c.c; name = FilterEnc.c; path = ../libModernPNG/src/Encode/FilterEnc.c; sourceTree = "<group>"; };
		2C7BEEF11F26DF6100A57116 /* ComposeModernPNGChunks.c */ = {isa = PBXFileReference; fileEncoding = 4; lastKnownFileType = sourcecode.c.c; name = ComposeModernPNGChunks.c; path = ../libModernPNG/src/Encode/ComposeModernPNGChunks.c; sourceTree = "<group>"; };
		2C8AADEE1E8430A4007F8867 /* libModernPNG.h */ = {isa = PBXFileReference; fileEncoding = 4; lastKnownFileType = sourcecode.c.h; name = libModernPNG.h; path = ../libModernPNG/include/libModernPNG.h; sourceTree = "<group>"; };
		2CBAD0071F31C8EE00DD46A8 /* libBitIO.a */ = {isa = PBXFileReference; lastKnownFileType = archive.ar; name = libBitIO.a; path = "../../../Library/Developer/Xcode/DerivedData/ModernPNG-annkpbohjcbxmnehnvrgthxhmnyk/Build/Products/Release-iphoneos/libBitIO.a"; sourceTree = "<group>"; };
		2CBC41931F25972400BBA28A /* libPCM.xcodeproj */ = {isa = PBXFileReference; lastKnownFileType = "wrapper.pb-project"; name = libPCM.xcodeproj; path = ../Dependencies/libPCM/Projects/libPCM.xcodeproj; sourceTree = "<group>"; };
		2CCB24331E3B9C550057A30C /* libModernPNG.a */ = {isa = PBXFileReference; explicitFileType = archive.ar; includeInIndex = 0; path = libModernPNG.a; sourceTree = BUILT_PRODUCTS_DIR; };
		2CCB24481E3B9E660057A30C /* ModernPNG */ = {isa = PBXFileReference; explicitFileType = "compiled.mach-o.executable"; includeInIndex = 0; path = ModernPNG; sourceTree = BUILT_PRODUCTS_DIR; };
		2CDA4B021F36B693005E6AD1 /* ModernPNGTables.h */ = {isa = PBXFileReference; fileEncoding = 4; lastKnownFileType = sourcecode.c.h; name = ModernPNGTables.h; path = ../libModernPNG/include/Private/ModernPNGTables.h; sourceTree = "<group>"; };
		2CDA4B031F36B693005E6AD1 /* ModernPNGTypes.h */ = {isa = PBXFileReference; fileEncoding = 4; lastKnownFileType = sourcecode.c.h; name = ModernPNGTypes.h; path = ../libModernPNG/include/Private/ModernPNGTypes.h; sourceTree = "<group>"; };
		2CDA4B061F36B69D005E6AD1 /* EncodeModernPNG.h */ = {isa = PBXFileReference; fileEncoding = 4; lastKnownFileType = sourcecode.c.h; name = EncodeModernPNG.h; path = ../libModernPNG/include/Private/Encode/EncodeModernPNG.h; sourceTree = "<group>"; };
		2CDA4B081F36B6AD005E6AD1 /* DecodeModernPNG.h */ = {isa = PBXFileReference; fileEncoding = 4; lastKnownFileType = sourcecode.c.h; name = DecodeModernPNG.h; path = ../libModernPNG/include/Private/Decode/DecodeModernPNG.h; sourceTree = "<group>"; };
		2CDA4B091F36B6AD005E6AD1 /* ReadModernPNGChunks.h */ = {isa = PBXFileReference; fileEncoding = 4; lastKnownFileType = sourcecode.c.h; name = ReadModernPNGChunks.h; path = ../libModernPNG/include/Private/Decode/ReadModernPNGChunks.h; sourceTree = "<group>"; };
/* End PBXFileReference section */

/* Begin PBXFrameworksBuildPhase section */
		2CCB24301E3B9C550057A30C /* Frameworks */ = {
			isa = PBXFrameworksBuildPhase;
			buildActionMask = 2147483647;
			files = (
				2CBAD0081F31C8EE00DD46A8 /* libBitIO.a in Frameworks */,
			);
			runOnlyForDeploymentPostprocessing = 0;
		};
		2CCB24451E3B9E660057A30C /* Frameworks */ = {
			isa = PBXFrameworksBuildPhase;
			buildActionMask = 2147483647;
			files = (
				2CBAD0091F31C8F900DD46A8 /* libModernPNG.a in Frameworks */,
			);
			runOnlyForDeploymentPostprocessing = 0;
		};
/* End PBXFrameworksBuildPhase section */

/* Begin PBXGroup section */
		2C03FC581E84C7FD0075BA8C /* Dependencies */ = {
			isa = PBXGroup;
			children = (
				2CBC41931F25972400BBA28A /* libPCM.xcodeproj */,
			);
			name = Dependencies;
			sourceTree = "<group>";
		};
		2C85329D1E842E920012919F /* Decode */ = {
			isa = PBXGroup;
			children = (
				2CDA4B081F36B6AD005E6AD1 /* DecodeModernPNG.h */,
				2CDA4B091F36B6AD005E6AD1 /* ReadModernPNGChunks.h */,
			);
			name = Decode;
			sourceTree = "<group>";
		};
		2C85329E1E842E9B0012919F /* Encode */ = {
			isa = PBXGroup;
			children = (
				2CDA4B061F36B69D005E6AD1 /* EncodeModernPNG.h */,
			);
			name = Encode;
			sourceTree = "<group>";
		};
		2C8AADFA1E843116007F8867 /* Decode */ = {
			isa = PBXGroup;
			children = (
				2C52D1A51EA4A676006C1BF5 /* DecodeModernPNG.c */,
				2C52D1A61EA4A676006C1BF5 /* ReadModernPNGChunks.c */,
				2C146D7A1EB8FC3100D7F523 /* DecodeAdam7.c */,
			);
			name = Decode;
			sourceTree = "<group>";
		};
		2C8AADFB1E84311E007F8867 /* Encode */ = {
			isa = PBXGroup;
			children = (
				2C52D1A11EA4A664006C1BF5 /* EncodeModernPNG.c */,
				2C7BEEF11F26DF6100A57116 /* ComposeModernPNGChunks.c */,
				2C146D7C1EB90D2200D7F523 /* EncodeAdam7.c */,
				2C7BEEEF1F26D8EA00A57116 /* FilterEnc.c */,
				2C52D1A21EA4A664006C1BF5 /* WriteModernPNGChunks.c */,
			);
			name = Encode;
			sourceTree = "<group>";
		};
		2C8D95731E5551FC00C90703 /* Headers */ = {
			isa = PBXGroup;
			children = (
				2C8AADEE1E8430A4007F8867 /* libModernPNG.h */,
				2CDA4B011F36B67A005E6AD1 /* Private */,
			);
			name = Headers;
			sourceTree = "<group>";
		};
		2C8D95741E55520300C90703 /* Source */ = {
			isa = PBXGroup;
			children = (
				2C6B1A481F404A8B00ABF2F8 /* ModernPNGAdler32.c */,
				2C8AADFB1E84311E007F8867 /* Encode */,
				2C8AADFA1E843116007F8867 /* Decode */,
			);
			name = Source;
			sourceTree = "<group>";
		};
		2C8D957A1E55676300C90703 /* libModernPNG */ = {
			isa = PBXGroup;
			children = (
				2C8D95731E5551FC00C90703 /* Headers */,
				2C8D95741E55520300C90703 /* Source */,
			);
			name = libModernPNG;
			sourceTree = "<group>";
		};
		2CBAD0061F31C8EE00DD46A8 /* Frameworks */ = {
			isa = PBXGroup;
			children = (
				2CBAD0071F31C8EE00DD46A8 /* libBitIO.a */,
			);
			name = Frameworks;
			sourceTree = "<group>";
		};
		2CBC41941F25972400BBA28A /* Products */ = {
			isa = PBXGroup;
			children = (
				2CBC419A1F25972400BBA28A /* libPCM.a */,
				2CBC419C1F25972400BBA28A /* TrimSilence */,
			);
			name = Products;
			sourceTree = "<group>";
		};
		2CCB242A1E3B9C550057A30C = {
			isa = PBXGroup;
			children = (
				2C03FC581E84C7FD0075BA8C /* Dependencies */,
				2C8D957A1E55676300C90703 /* libModernPNG */,
				2CCB243F1E3B9D750057A30C /* ModernPNG */,
				2CCB24341E3B9C550057A30C /* Products */,
				2CBAD0061F31C8EE00DD46A8 /* Frameworks */,
			);
			sourceTree = "<group>";
		};
		2CCB24341E3B9C550057A30C /* Products */ = {
			isa = PBXGroup;
			children = (
				2CCB24331E3B9C550057A30C /* libModernPNG.a */,
				2CCB24481E3B9E660057A30C /* ModernPNG */,
			);
			name = Products;
			sourceTree = "<group>";
		};
		2CCB243F1E3B9D750057A30C /* ModernPNG */ = {
			isa = PBXGroup;
			children = (
				2C03FC631E84C8500075BA8C /* ModernPNG.c */,
			);
			name = ModernPNG;
			sourceTree = "<group>";
		};
		2CDA4B011F36B67A005E6AD1 /* Private */ = {
			isa = PBXGroup;
			children = (
				2CDA4B031F36B693005E6AD1 /* ModernPNGTypes.h */,
				2CDA4B021F36B693005E6AD1 /* ModernPNGTables.h */,
				2C6B1A441F404A8100ABF2F8 /* ModernPNGAdler32.h */,
				2C85329E1E842E9B0012919F /* Encode */,
				2C85329D1E842E920012919F /* Decode */,
			);
			name = Private;
			sourceTree = "<group>";
		};
/* End PBXGroup section */

/* Begin PBXHeadersBuildPhase section */
		2CCB24311E3B9C550057A30C /* Headers */ = {
			isa = PBXHeadersBuildPhase;
			buildActionMask = 2147483647;
			files = (
				2CDA4B051F36B693005E6AD1 /* ModernPNGTypes.h in Headers */,
				2CDA4B0B1F36B6AD005E6AD1 /* ReadModernPNGChunks.h in Headers */,
				2C6B1A451F404A8100ABF2F8 /* ModernPNGAdler32.h in Headers */,
				2C8AADEF1E8430A4007F8867 /* libModernPNG.h in Headers */,
				2CDA4B0A1F36B6AD005E6AD1 /* DecodeModernPNG.h in Headers */,
				2CDA4B041F36B693005E6AD1 /* ModernPNGTables.h in Headers */,
				2CDA4B071F36B69D005E6AD1 /* EncodeModernPNG.h in Headers */,
			);
			runOnlyForDeploymentPostprocessing = 0;
		};
/* End PBXHeadersBuildPhase section */

/* Begin PBXNativeTarget section */
		2CCB24321E3B9C550057A30C /* libModernPNG */ = {
			isa = PBXNativeTarget;
			buildConfigurationList = 2CCB24371E3B9C550057A30C /* Build configuration list for PBXNativeTarget "libModernPNG" */;
			buildPhases = (
				2CCB242F1E3B9C550057A30C /* Sources */,
				2CCB24301E3B9C550057A30C /* Frameworks */,
				2CCB24311E3B9C550057A30C /* Headers */,
			);
			buildRules = (
			);
			dependencies = (
			);
			name = libModernPNG;
			productName = libModernPNG;
			productReference = 2CCB24331E3B9C550057A30C /* libModernPNG.a */;
			productType = "com.apple.product-type.library.static";
		};
		2CCB24471E3B9E660057A30C /* ModernPNG */ = {
			isa = PBXNativeTarget;
			buildConfigurationList = 2CCB244C1E3B9E660057A30C /* Build configuration list for PBXNativeTarget "ModernPNG" */;
			buildPhases = (
				2CCB24441E3B9E660057A30C /* Sources */,
				2CCB24451E3B9E660057A30C /* Frameworks */,
				2CCB24461E3B9E660057A30C /* CopyFiles */,
			);
			buildRules = (
			);
			dependencies = (
			);
			name = ModernPNG;
			productName = ModernPNG;
			productReference = 2CCB24481E3B9E660057A30C /* ModernPNG */;
			productType = "com.apple.product-type.tool";
		};
/* End PBXNativeTarget section */

/* Begin PBXProject section */
		2CCB242B1E3B9C550057A30C /* Project object */ = {
			isa = PBXProject;
			attributes = {
				LastUpgradeCheck = 0820;
				ORGANIZATIONNAME = "Marcus Johnson";
				TargetAttributes = {
					2CCB24321E3B9C550057A30C = {
						CreatedOnToolsVersion = 8.2.1;
						DevelopmentTeam = 628J9L7WK5;
						ProvisioningStyle = Automatic;
					};
					2CCB24471E3B9E660057A30C = {
						CreatedOnToolsVersion = 8.2.1;
						DevelopmentTeam = 628J9L7WK5;
						ProvisioningStyle = Automatic;
					};
				};
			};
			buildConfigurationList = 2CCB242E1E3B9C550057A30C /* Build configuration list for PBXProject "ModernPNG" */;
			compatibilityVersion = "Xcode 3.2";
			developmentRegion = English;
			hasScannedForEncodings = 0;
			knownRegions = (
				en,
			);
			mainGroup = 2CCB242A1E3B9C550057A30C;
			productRefGroup = 2CCB24341E3B9C550057A30C /* Products */;
			projectDirPath = "";
			projectReferences = (
				{
					ProductGroup = 2CBC41941F25972400BBA28A /* Products */;
					ProjectRef = 2CBC41931F25972400BBA28A /* libPCM.xcodeproj */;
				},
			);
			projectRoot = "";
			targets = (
				2CCB24471E3B9E660057A30C /* ModernPNG */,
				2CCB24321E3B9C550057A30C /* libModernPNG */,
			);
		};
/* End PBXProject section */

/* Begin PBXReferenceProxy section */
		2CBC419A1F25972400BBA28A /* libPCM.a */ = {
			isa = PBXReferenceProxy;
			fileType = archive.ar;
			path = libPCM.a;
			remoteRef = 2CBC41991F25972400BBA28A /* PBXContainerItemProxy */;
			sourceTree = BUILT_PRODUCTS_DIR;
		};
		2CBC419C1F25972400BBA28A /* TrimSilence */ = {
			isa = PBXReferenceProxy;
			fileType = "compiled.mach-o.executable";
			path = TrimSilence;
			remoteRef = 2CBC419B1F25972400BBA28A /* PBXContainerItemProxy */;
			sourceTree = BUILT_PRODUCTS_DIR;
		};
/* End PBXReferenceProxy section */

/* Begin PBXSourcesBuildPhase section */
		2CCB242F1E3B9C550057A30C /* Sources */ = {
			isa = PBXSourcesBuildPhase;
			buildActionMask = 2147483647;
			files = (
				2C52D1A31EA4A664006C1BF5 /* EncodeModernPNG.c in Sources */,
				2C52D1A41EA4A664006C1BF5 /* WriteModernPNGChunks.c in Sources */,
				2C7BEEF21F26DF6100A57116 /* ComposeModernPNGChunks.c in Sources */,
				2C6B1A491F404A8B00ABF2F8 /* ModernPNGAdler32.c in Sources */,
				2C7BEEF01F26D8EA00A57116 /* FilterEnc.c in Sources */,
				2C52D1A81EA4A676006C1BF5 /* ReadModernPNGChunks.c in Sources */,
				2C146D7B1EB8FC3100D7F523 /* DecodeAdam7.c in Sources */,
				2C146D7D1EB90D2200D7F523 /* EncodeAdam7.c in Sources */,
				2C52D1A71EA4A676006C1BF5 /* DecodeModernPNG.c in Sources */,
			);
			runOnlyForDeploymentPostprocessing = 0;
		};
		2CCB24441E3B9E660057A30C /* Sources */ = {
			isa = PBXSourcesBuildPhase;
			buildActionMask = 2147483647;
			files = (
				2C03FC641E84C8500075BA8C /* ModernPNG.c in Sources */,
			);
			runOnlyForDeploymentPostprocessing = 0;
		};
/* End PBXSourcesBuildPhase section */

/* Begin XCBuildConfiguration section */
		2CCB24351E3B9C550057A30C /* Debug */ = {
			isa = XCBuildConfiguration;
			buildSettings = {
				ALWAYS_SEARCH_USER_PATHS = NO;
				CLANG_ANALYZER_NONNULL = YES;
				CLANG_CXX_LANGUAGE_STANDARD = "compiler-default";
				CLANG_CXX_LIBRARY = "compiler-default";
				CLANG_ENABLE_MODULES = YES;
				CLANG_ENABLE_OBJC_ARC = YES;
				CLANG_WARN_BOOL_CONVERSION = YES;
				CLANG_WARN_CONSTANT_CONVERSION = YES;
				CLANG_WARN_DIRECT_OBJC_ISA_USAGE = YES_ERROR;
				CLANG_WARN_DOCUMENTATION_COMMENTS = YES;
				CLANG_WARN_EMPTY_BODY = YES;
				CLANG_WARN_ENUM_CONVERSION = YES;
				CLANG_WARN_INFINITE_RECURSION = YES;
				CLANG_WARN_INT_CONVERSION = YES;
				CLANG_WARN_OBJC_ROOT_CLASS = YES_ERROR;
				CLANG_WARN_SUSPICIOUS_MOVE = YES;
				CLANG_WARN_UNREACHABLE_CODE = YES;
				CLANG_WARN__DUPLICATE_METHOD_MATCH = YES;
				CODE_SIGN_IDENTITY = "";
				COPY_PHASE_STRIP = NO;
				DEAD_CODE_STRIPPING = YES;
				DEBUG_INFORMATION_FORMAT = dwarf;
				DEVELOPMENT_TEAM = 628J9L7WK5;
				ENABLE_STRICT_OBJC_MSGSEND = YES;
				ENABLE_TESTABILITY = YES;
				GCC_C_LANGUAGE_STANDARD = c11;
				GCC_DYNAMIC_NO_PIC = NO;
				GCC_ENABLE_CPP_EXCEPTIONS = NO;
				GCC_ENABLE_CPP_RTTI = NO;
				GCC_LINK_WITH_DYNAMIC_LIBRARIES = NO;
				GCC_NO_COMMON_BLOCKS = YES;
				GCC_OPTIMIZATION_LEVEL = 0;
				GCC_PREPROCESSOR_DEFINITIONS = (
					"DEBUG=1",
					"$(inherited)",
				);
				GCC_WARN_64_TO_32_BIT_CONVERSION = YES;
				GCC_WARN_ABOUT_RETURN_TYPE = YES_ERROR;
				GCC_WARN_PEDANTIC = YES;
				GCC_WARN_UNDECLARED_SELECTOR = YES;
				GCC_WARN_UNINITIALIZED_AUTOS = YES_AGGRESSIVE;
				GCC_WARN_UNUSED_FUNCTION = YES;
				GCC_WARN_UNUSED_VARIABLE = YES;
				INFOPLIST_OUTPUT_FORMAT = binary;
				IPHONEOS_DEPLOYMENT_TARGET = 8.0;
				LLVM_LTO = YES_THIN;
				MACOSX_DEPLOYMENT_TARGET = 10.12;
				MTL_ENABLE_DEBUG_INFO = YES;
				ONLY_ACTIVE_ARCH = YES;
				OTHER_CFLAGS = (
					"-fvectorize",
					"-funroll-loops",
					"-ferror-limit=1024",
					"-Wall",
					"-pedantic",
				);
				PLIST_FILE_OUTPUT_FORMAT = binary;
				SDKROOT = macosx;
				STRINGS_FILE_OUTPUT_ENCODING = binary;
				SUPPORTED_PLATFORMS = "macosx iphoneos";
				VALID_ARCHS = "arm64 x86_64";
			};
			name = Debug;
		};
		2CCB24361E3B9C550057A30C /* Release */ = {
			isa = XCBuildConfiguration;
			buildSettings = {
				ALWAYS_SEARCH_USER_PATHS = NO;
				CLANG_ANALYZER_NONNULL = YES;
				CLANG_CXX_LANGUAGE_STANDARD = "compiler-default";
				CLANG_CXX_LIBRARY = "compiler-default";
				CLANG_ENABLE_MODULES = YES;
				CLANG_ENABLE_OBJC_ARC = YES;
				CLANG_WARN_BOOL_CONVERSION = YES;
				CLANG_WARN_CONSTANT_CONVERSION = YES;
				CLANG_WARN_DIRECT_OBJC_ISA_USAGE = YES_ERROR;
				CLANG_WARN_DOCUMENTATION_COMMENTS = YES;
				CLANG_WARN_EMPTY_BODY = YES;
				CLANG_WARN_ENUM_CONVERSION = YES;
				CLANG_WARN_INFINITE_RECURSION = YES;
				CLANG_WARN_INT_CONVERSION = YES;
				CLANG_WARN_OBJC_ROOT_CLASS = YES_ERROR;
				CLANG_WARN_SUSPICIOUS_MOVE = YES;
				CLANG_WARN_UNREACHABLE_CODE = YES;
				CLANG_WARN__DUPLICATE_METHOD_MATCH = YES;
				CODE_SIGN_IDENTITY = "";
				COPY_PHASE_STRIP = NO;
				DEAD_CODE_STRIPPING = YES;
				DEBUG_INFORMATION_FORMAT = "dwarf-with-dsym";
				DEVELOPMENT_TEAM = 628J9L7WK5;
				ENABLE_NS_ASSERTIONS = NO;
				ENABLE_STRICT_OBJC_MSGSEND = YES;
				GCC_C_LANGUAGE_STANDARD = c11;
				GCC_ENABLE_CPP_EXCEPTIONS = NO;
				GCC_ENABLE_CPP_RTTI = NO;
				GCC_LINK_WITH_DYNAMIC_LIBRARIES = NO;
				GCC_NO_COMMON_BLOCKS = YES;
				GCC_OPTIMIZATION_LEVEL = s;
				GCC_WARN_64_TO_32_BIT_CONVERSION = YES;
				GCC_WARN_ABOUT_RETURN_TYPE = YES_ERROR;
				GCC_WARN_PEDANTIC = YES;
				GCC_WARN_UNDECLARED_SELECTOR = YES;
				GCC_WARN_UNINITIALIZED_AUTOS = YES_AGGRESSIVE;
				GCC_WARN_UNUSED_FUNCTION = YES;
				GCC_WARN_UNUSED_VARIABLE = YES;
				INFOPLIST_OUTPUT_FORMAT = binary;
				IPHONEOS_DEPLOYMENT_TARGET = 8.0;
				LLVM_LTO = YES_THIN;
				MACOSX_DEPLOYMENT_TARGET = 10.12;
				MTL_ENABLE_DEBUG_INFO = NO;
				OTHER_CFLAGS = (
					"-fvectorize",
					"-funroll-loops",
					"-ferror-limit=1024",
					"-Wall",
					"-pedantic",
				);
				PLIST_FILE_OUTPUT_FORMAT = binary;
				SDKROOT = macosx;
				STRINGS_FILE_OUTPUT_ENCODING = binary;
				SUPPORTED_PLATFORMS = "macosx iphoneos";
				VALID_ARCHS = "arm64 x86_64";
			};
			name = Release;
		};
		2CCB24381E3B9C550057A30C /* Debug */ = {
			isa = XCBuildConfiguration;
			buildSettings = {
				CLANG_X86_VECTOR_INSTRUCTIONS = default;
				CODE_SIGN_IDENTITY = "";
				DEBUG_INFORMATION_FORMAT = "dwarf-with-dsym";
				DEVELOPMENT_TEAM = 628J9L7WK5;
				EXECUTABLE_PREFIX = "";
				GCC_WARN_64_TO_32_BIT_CONVERSION = NO;
				IPHONEOS_DEPLOYMENT_TARGET = 8.0;
				LIBRARY_SEARCH_PATHS = "$(inherited)";
				LLVM_LTO = YES;
				OTHER_CFLAGS = "$(inherited)";
				PRODUCT_NAME = "$(TARGET_NAME)";
			};
			name = Debug;
		};
		2CCB24391E3B9C550057A30C /* Release */ = {
			isa = XCBuildConfiguration;
			buildSettings = {
				CLANG_X86_VECTOR_INSTRUCTIONS = default;
				CODE_SIGN_IDENTITY = "";
				DEVELOPMENT_TEAM = 628J9L7WK5;
				EXECUTABLE_PREFIX = "";
				GCC_WARN_64_TO_32_BIT_CONVERSION = NO;
				IPHONEOS_DEPLOYMENT_TARGET = 8.0;
				LIBRARY_SEARCH_PATHS = "$(inherited)";
				LLVM_LTO = YES;
				OTHER_CFLAGS = "$(inherited)";
				PRODUCT_NAME = "$(TARGET_NAME)";
			};
			name = Release;
		};
		2CCB244D1E3B9E660057A30C /* Debug */ = {
			isa = XCBuildConfiguration;
			buildSettings = {
				CODE_SIGN_IDENTITY = "Mac Developer";
				COPY_PHASE_STRIP = YES;
				DEBUG_INFORMATION_FORMAT = "dwarf-with-dsym";
				DEPLOYMENT_POSTPROCESSING = YES;
				DEVELOPMENT_TEAM = "";
				IPHONEOS_DEPLOYMENT_TARGET = 8.0;
				LIBRARY_SEARCH_PATHS = "$(inherited)";
				LLVM_LTO = YES;
				MACH_O_TYPE = mh_execute;
				OTHER_CFLAGS = "$(inherited)";
				PRODUCT_NAME = "$(TARGET_NAME)";
				PROVISIONING_PROFILE_SPECIFIER = "";
			};
			name = Debug;
		};
		2CCB244E1E3B9E660057A30C /* Release */ = {
			isa = XCBuildConfiguration;
			buildSettings = {
				CODE_SIGN_IDENTITY = "Mac Developer";
				COPY_PHASE_STRIP = YES;
				DEPLOYMENT_POSTPROCESSING = YES;
				DEVELOPMENT_TEAM = "";
				IPHONEOS_DEPLOYMENT_TARGET = 8.0;
				LIBRARY_SEARCH_PATHS = "$(inherited)";
				LLVM_LTO = YES;
				MACH_O_TYPE = mh_execute;
				OTHER_CFLAGS = "$(inherited)";
				PRODUCT_NAME = "$(TARGET_NAME)";
				PROVISIONING_PROFILE_SPECIFIER = "";
			};
			name = Release;
		};
/* End XCBuildConfiguration section */

/* Begin XCConfigurationList section */
		2CCB242E1E3B9C550057A30C /* Build configuration list for PBXProject "ModernPNG" */ = {
			isa = XCConfigurationList;
			buildConfigurations = (
				2CCB24351E3B9C550057A30C /* Debug */,
				2CCB24361E3B9C550057A30C /* Release */,
			);
			defaultConfigurationIsVisible = 0;
			defaultConfigurationName = Release;
		};
		2CCB24371E3B9C550057A30C /* Build configuration list for PBXNativeTarget "libModernPNG" */ = {
			isa = XCConfigurationList;
			buildConfigurations = (
				2CCB24381E3B9C550057A30C /* Debug */,
				2CCB24391E3B9C550057A30C /* Release */,
			);
			defaultConfigurationIsVisible = 0;
			defaultConfigurationName = Release;
		};
		2CCB244C1E3B9E660057A30C /* Build configuration list for PBXNativeTarget "ModernPNG" */ = {
			isa = XCConfigurationList;
			buildConfigurations = (
				2CCB244D1E3B9E660057A30C /* Debug */,
				2CCB244E1E3B9E660057A30C /* Release */,
			);
			defaultConfigurationIsVisible = 0;
			defaultConfigurationName = Release;
		};
/* End XCConfigurationList section */
	};
	rootObject = 2CCB242B1E3B9C550057A30C /* Project object */;
}
