// !$*UTF8*$!
{
	archiveVersion = 1;
	classes = {
	};
	objectVersion = 47;
	objects = {

/* Begin PBXBuildFile section */
		2CA23DEB211E70E400FEA81B /* BMPCommon.h in Headers */ = {isa = PBXBuildFile; fileRef = 2CA23DE2211E70E400FEA81B /* BMPCommon.h */; };
		2CA23DEC211E70E400FEA81B /* PNMCommon.h in Headers */ = {isa = PBXBuildFile; fileRef = 2CA23DE3211E70E400FEA81B /* PNMCommon.h */; };
		2CA23DED211E70E400FEA81B /* PNGCommon.h in Headers */ = {isa = PBXBuildFile; fileRef = 2CA23DE4211E70E400FEA81B /* PNGCommon.h */; };
		2CA23DEE211E70E400FEA81B /* AIFCommon.h in Headers */ = {isa = PBXBuildFile; fileRef = 2CA23DE6211E70E400FEA81B /* AIFCommon.h */; };
		2CA23DEF211E70E400FEA81B /* FLACCommon.h in Headers */ = {isa = PBXBuildFile; fileRef = 2CA23DE7211E70E400FEA81B /* FLACCommon.h */; };
		2CA23DF0211E70E400FEA81B /* W64Common.h in Headers */ = {isa = PBXBuildFile; fileRef = 2CA23DE8211E70E400FEA81B /* W64Common.h */; };
		2CA23DF1211E70E400FEA81B /* WAVCommon.h in Headers */ = {isa = PBXBuildFile; fileRef = 2CA23DE9211E70E400FEA81B /* WAVCommon.h */; };
		2CA23DF2211E70E400FEA81B /* libOVIA.h in Headers */ = {isa = PBXBuildFile; fileRef = 2CA23DEA211E70E400FEA81B /* libOVIA.h */; };
		2CA23E08211E70F100FEA81B /* libOVIA.c in Sources */ = {isa = PBXBuildFile; fileRef = 2CA23DF3211E70F100FEA81B /* libOVIA.c */; };
		2CA23E09211E70F100FEA81B /* PNMDecoder.c in Sources */ = {isa = PBXBuildFile; fileRef = 2CA23DF6211E70F100FEA81B /* PNMDecoder.c */; };
		2CA23E0A211E70F100FEA81B /* PNGDecoder.c in Sources */ = {isa = PBXBuildFile; fileRef = 2CA23DF7211E70F100FEA81B /* PNGDecoder.c */; };
		2CA23E0B211E70F100FEA81B /* BMPDecoder.c in Sources */ = {isa = PBXBuildFile; fileRef = 2CA23DF8211E70F100FEA81B /* BMPDecoder.c */; };
		2CA23E0C211E70F100FEA81B /* AIFDecoder.c in Sources */ = {isa = PBXBuildFile; fileRef = 2CA23DFA211E70F100FEA81B /* AIFDecoder.c */; };
		2CA23E0D211E70F100FEA81B /* WAVDecoder.c in Sources */ = {isa = PBXBuildFile; fileRef = 2CA23DFB211E70F100FEA81B /* WAVDecoder.c */; };
		2CA23E0E211E70F100FEA81B /* W64Decoder.c in Sources */ = {isa = PBXBuildFile; fileRef = 2CA23DFC211E70F100FEA81B /* W64Decoder.c */; };
		2CA23E0F211E70F100FEA81B /* FLACDecoder.c in Sources */ = {isa = PBXBuildFile; fileRef = 2CA23DFD211E70F100FEA81B /* FLACDecoder.c */; };
		2CA23E10211E70F100FEA81B /* BMPEncoder.c in Sources */ = {isa = PBXBuildFile; fileRef = 2CA23E00211E70F100FEA81B /* BMPEncoder.c */; };
		2CA23E11211E70F100FEA81B /* PNGEncoder.c in Sources */ = {isa = PBXBuildFile; fileRef = 2CA23E01211E70F100FEA81B /* PNGEncoder.c */; };
		2CA23E12211E70F100FEA81B /* PNMEncoder.c in Sources */ = {isa = PBXBuildFile; fileRef = 2CA23E02211E70F100FEA81B /* PNMEncoder.c */; };
		2CA23E13211E70F100FEA81B /* FLACEncoder.c in Sources */ = {isa = PBXBuildFile; fileRef = 2CA23E04211E70F100FEA81B /* FLACEncoder.c */; };
		2CA23E14211E70F100FEA81B /* W64Encoder.c in Sources */ = {isa = PBXBuildFile; fileRef = 2CA23E05211E70F100FEA81B /* W64Encoder.c */; };
		2CA23E15211E70F100FEA81B /* WAVEncoder.c in Sources */ = {isa = PBXBuildFile; fileRef = 2CA23E06211E70F100FEA81B /* WAVEncoder.c */; };
		2CA23E16211E70F100FEA81B /* AIFEncoder.c in Sources */ = {isa = PBXBuildFile; fileRef = 2CA23E07211E70F100FEA81B /* AIFEncoder.c */; };
/* End PBXBuildFile section */

/* Begin PBXContainerItemProxy section */
		2C39707C211CEA5A0067D447 /* PBXContainerItemProxy */ = {
			isa = PBXContainerItemProxy;
			containerPortal = 2C397078211CEA5A0067D447 /* FoundationIO.xcodeproj */;
			proxyType = 2;
			remoteGlobalIDString = 2CFC15C82091F1AE0070BCFC;
			remoteInfo = FoundationIO;
		};
/* End PBXContainerItemProxy section */

/* Begin PBXFileReference section */
		2C002C222119916C00DC8C9D /* libOVIA.a */ = {isa = PBXFileReference; explicitFileType = archive.ar; includeInIndex = 0; path = libOVIA.a; sourceTree = BUILT_PRODUCTS_DIR; };
		2C397078211CEA5A0067D447 /* FoundationIO.xcodeproj */ = {isa = PBXFileReference; lastKnownFileType = "wrapper.pb-project"; name = FoundationIO.xcodeproj; path = ../Dependencies/FoundationIO/Projects/FoundationIO.xcodeproj; sourceTree = "<group>"; };
		2CA23DE2211E70E400FEA81B /* BMPCommon.h */ = {isa = PBXFileReference; fileEncoding = 4; lastKnownFileType = sourcecode.c.h; path = BMPCommon.h; sourceTree = "<group>"; };
		2CA23DE3211E70E400FEA81B /* PNMCommon.h */ = {isa = PBXFileReference; fileEncoding = 4; lastKnownFileType = sourcecode.c.h; path = PNMCommon.h; sourceTree = "<group>"; };
		2CA23DE4211E70E400FEA81B /* PNGCommon.h */ = {isa = PBXFileReference; fileEncoding = 4; lastKnownFileType = sourcecode.c.h; path = PNGCommon.h; sourceTree = "<group>"; };
		2CA23DE6211E70E400FEA81B /* AIFCommon.h */ = {isa = PBXFileReference; fileEncoding = 4; lastKnownFileType = sourcecode.c.h; path = AIFCommon.h; sourceTree = "<group>"; };
		2CA23DE7211E70E400FEA81B /* FLACCommon.h */ = {isa = PBXFileReference; fileEncoding = 4; lastKnownFileType = sourcecode.c.h; path = FLACCommon.h; sourceTree = "<group>"; };
		2CA23DE8211E70E400FEA81B /* W64Common.h */ = {isa = PBXFileReference; fileEncoding = 4; lastKnownFileType = sourcecode.c.h; path = W64Common.h; sourceTree = "<group>"; };
		2CA23DE9211E70E400FEA81B /* WAVCommon.h */ = {isa = PBXFileReference; fileEncoding = 4; lastKnownFileType = sourcecode.c.h; path = WAVCommon.h; sourceTree = "<group>"; };
		2CA23DEA211E70E400FEA81B /* libOVIA.h */ = {isa = PBXFileReference; fileEncoding = 4; lastKnownFileType = sourcecode.c.h; name = libOVIA.h; path = ../include/libOVIA.h; sourceTree = "<group>"; };
		2CA23DF3211E70F100FEA81B /* libOVIA.c */ = {isa = PBXFileReference; fileEncoding = 4; lastKnownFileType = sourcecode.c.c; name = libOVIA.c; path = ../src/libOVIA.c; sourceTree = "<group>"; };
		2CA23DF6211E70F100FEA81B /* PNMDecoder.c */ = {isa = PBXFileReference; fileEncoding = 4; lastKnownFileType = sourcecode.c.c; path = PNMDecoder.c; sourceTree = "<group>"; };
		2CA23DF7211E70F100FEA81B /* PNGDecoder.c */ = {isa = PBXFileReference; fileEncoding = 4; lastKnownFileType = sourcecode.c.c; path = PNGDecoder.c; sourceTree = "<group>"; };
		2CA23DF8211E70F100FEA81B /* BMPDecoder.c */ = {isa = PBXFileReference; fileEncoding = 4; lastKnownFileType = sourcecode.c.c; path = BMPDecoder.c; sourceTree = "<group>"; };
		2CA23DFA211E70F100FEA81B /* AIFDecoder.c */ = {isa = PBXFileReference; fileEncoding = 4; lastKnownFileType = sourcecode.c.c; path = AIFDecoder.c; sourceTree = "<group>"; };
		2CA23DFB211E70F100FEA81B /* WAVDecoder.c */ = {isa = PBXFileReference; fileEncoding = 4; lastKnownFileType = sourcecode.c.c; path = WAVDecoder.c; sourceTree = "<group>"; };
		2CA23DFC211E70F100FEA81B /* W64Decoder.c */ = {isa = PBXFileReference; fileEncoding = 4; lastKnownFileType = sourcecode.c.c; path = W64Decoder.c; sourceTree = "<group>"; };
		2CA23DFD211E70F100FEA81B /* FLACDecoder.c */ = {isa = PBXFileReference; fileEncoding = 4; lastKnownFileType = sourcecode.c.c; path = FLACDecoder.c; sourceTree = "<group>"; };
		2CA23E00211E70F100FEA81B /* BMPEncoder.c */ = {isa = PBXFileReference; fileEncoding = 4; lastKnownFileType = sourcecode.c.c; path = BMPEncoder.c; sourceTree = "<group>"; };
		2CA23E01211E70F100FEA81B /* PNGEncoder.c */ = {isa = PBXFileReference; fileEncoding = 4; lastKnownFileType = sourcecode.c.c; path = PNGEncoder.c; sourceTree = "<group>"; };
		2CA23E02211E70F100FEA81B /* PNMEncoder.c */ = {isa = PBXFileReference; fileEncoding = 4; lastKnownFileType = sourcecode.c.c; path = PNMEncoder.c; sourceTree = "<group>"; };
		2CA23E04211E70F100FEA81B /* FLACEncoder.c */ = {isa = PBXFileReference; fileEncoding = 4; lastKnownFileType = sourcecode.c.c; path = FLACEncoder.c; sourceTree = "<group>"; };
		2CA23E05211E70F100FEA81B /* W64Encoder.c */ = {isa = PBXFileReference; fileEncoding = 4; lastKnownFileType = sourcecode.c.c; path = W64Encoder.c; sourceTree = "<group>"; };
		2CA23E06211E70F100FEA81B /* WAVEncoder.c */ = {isa = PBXFileReference; fileEncoding = 4; lastKnownFileType = sourcecode.c.c; path = WAVEncoder.c; sourceTree = "<group>"; };
		2CA23E07211E70F100FEA81B /* AIFEncoder.c */ = {isa = PBXFileReference; fileEncoding = 4; lastKnownFileType = sourcecode.c.c; path = AIFEncoder.c; sourceTree = "<group>"; };
/* End PBXFileReference section */

/* Begin PBXFrameworksBuildPhase section */
		2C002C202119916C00DC8C9D /* Frameworks */ = {
			isa = PBXFrameworksBuildPhase;
			buildActionMask = 2147483647;
			files = (
			);
			runOnlyForDeploymentPostprocessing = 0;
		};
/* End PBXFrameworksBuildPhase section */

/* Begin PBXGroup section */
		2C002C192119916C00DC8C9D = {
			isa = PBXGroup;
			children = (
				2C397077211C944F0067D447 /* Dependencies */,
				2C002C632119BF7800DC8C9D /* libOVIA */,
				2C002C232119916C00DC8C9D /* Products */,
			);
			sourceTree = "<group>";
		};
		2C002C232119916C00DC8C9D /* Products */ = {
			isa = PBXGroup;
			children = (
				2C002C222119916C00DC8C9D /* libOVIA.a */,
			);
			name = Products;
			sourceTree = "<group>";
		};
		2C002C632119BF7800DC8C9D /* libOVIA */ = {
			isa = PBXGroup;
			children = (
				2C002C652119BF7800DC8C9D /* Headers */,
				2C002C712119BF7800DC8C9D /* Source */,
			);
			name = libOVIA;
			path = ../libOVIA;
			sourceTree = "<group>";
		};
		2C002C652119BF7800DC8C9D /* Headers */ = {
			isa = PBXGroup;
			children = (
				2CA23DEA211E70E400FEA81B /* libOVIA.h */,
				2CA23DE0211E70E400FEA81B /* Private */,
			);
			path = Headers;
			sourceTree = "<group>";
		};
		2C002C712119BF7800DC8C9D /* Source */ = {
			isa = PBXGroup;
			children = (
				2CA23DF3211E70F100FEA81B /* libOVIA.c */,
				2CA23DF4211E70F100FEA81B /* Decode */,
				2CA23DFE211E70F100FEA81B /* Encode */,
			);
			path = Source;
			sourceTree = "<group>";
		};
		2C397077211C944F0067D447 /* Dependencies */ = {
			isa = PBXGroup;
			children = (
				2C397078211CEA5A0067D447 /* FoundationIO.xcodeproj */,
			);
			name = Dependencies;
			sourceTree = "<group>";
		};
		2C397079211CEA5A0067D447 /* Products */ = {
			isa = PBXGroup;
			children = (
				2C39707D211CEA5A0067D447 /* libFoundationIO.a */,
			);
			name = Products;
			sourceTree = "<group>";
		};
		2CA23DE0211E70E400FEA81B /* Private */ = {
			isa = PBXGroup;
			children = (
				2CA23DE1211E70E400FEA81B /* Image */,
				2CA23DE5211E70E400FEA81B /* Audio */,
			);
			name = Private;
			path = ../include/Private;
			sourceTree = "<group>";
		};
		2CA23DE1211E70E400FEA81B /* Image */ = {
			isa = PBXGroup;
			children = (
				2CA23DE2211E70E400FEA81B /* BMPCommon.h */,
				2CA23DE3211E70E400FEA81B /* PNMCommon.h */,
				2CA23DE4211E70E400FEA81B /* PNGCommon.h */,
			);
			path = Image;
			sourceTree = "<group>";
		};
		2CA23DE5211E70E400FEA81B /* Audio */ = {
			isa = PBXGroup;
			children = (
				2CA23DE6211E70E400FEA81B /* AIFCommon.h */,
				2CA23DE7211E70E400FEA81B /* FLACCommon.h */,
				2CA23DE8211E70E400FEA81B /* W64Common.h */,
				2CA23DE9211E70E400FEA81B /* WAVCommon.h */,
			);
			path = Audio;
			sourceTree = "<group>";
		};
		2CA23DF4211E70F100FEA81B /* Decode */ = {
			isa = PBXGroup;
			children = (
				2CA23DF9211E70F100FEA81B /* Audio */,
				2CA23DF5211E70F100FEA81B /* Image */,
			);
			name = Decode;
			path = ../src/Decode;
			sourceTree = "<group>";
		};
		2CA23DF5211E70F100FEA81B /* Image */ = {
			isa = PBXGroup;
			children = (
				2CA23DF6211E70F100FEA81B /* PNMDecoder.c */,
				2CA23DF7211E70F100FEA81B /* PNGDecoder.c */,
				2CA23DF8211E70F100FEA81B /* BMPDecoder.c */,
			);
			path = Image;
			sourceTree = "<group>";
		};
		2CA23DF9211E70F100FEA81B /* Audio */ = {
			isa = PBXGroup;
			children = (
				2CA23DFA211E70F100FEA81B /* AIFDecoder.c */,
				2CA23DFB211E70F100FEA81B /* WAVDecoder.c */,
				2CA23DFC211E70F100FEA81B /* W64Decoder.c */,
				2CA23DFD211E70F100FEA81B /* FLACDecoder.c */,
			);
			path = Audio;
			sourceTree = "<group>";
		};
		2CA23DFE211E70F100FEA81B /* Encode */ = {
			isa = PBXGroup;
			children = (
				2CA23E03211E70F100FEA81B /* Audio */,
				2CA23DFF211E70F100FEA81B /* Image */,
			);
			name = Encode;
			path = ../src/Encode;
			sourceTree = "<group>";
		};
		2CA23DFF211E70F100FEA81B /* Image */ = {
			isa = PBXGroup;
			children = (
				2CA23E00211E70F100FEA81B /* BMPEncoder.c */,
				2CA23E01211E70F100FEA81B /* PNGEncoder.c */,
				2CA23E02211E70F100FEA81B /* PNMEncoder.c */,
			);
			path = Image;
			sourceTree = "<group>";
		};
		2CA23E03211E70F100FEA81B /* Audio */ = {
			isa = PBXGroup;
			children = (
				2CA23E04211E70F100FEA81B /* FLACEncoder.c */,
				2CA23E05211E70F100FEA81B /* W64Encoder.c */,
				2CA23E06211E70F100FEA81B /* WAVEncoder.c */,
				2CA23E07211E70F100FEA81B /* AIFEncoder.c */,
			);
			path = Audio;
			sourceTree = "<group>";
		};
/* End PBXGroup section */

/* Begin PBXHeadersBuildPhase section */
		2C002C1E2119916C00DC8C9D /* Headers */ = {
			isa = PBXHeadersBuildPhase;
			buildActionMask = 2147483647;
			files = (
				2CA23DED211E70E400FEA81B /* PNGCommon.h in Headers */,
				2CA23DEB211E70E400FEA81B /* BMPCommon.h in Headers */,
				2CA23DEE211E70E400FEA81B /* AIFCommon.h in Headers */,
				2CA23DF1211E70E400FEA81B /* WAVCommon.h in Headers */,
				2CA23DEF211E70E400FEA81B /* FLACCommon.h in Headers */,
				2CA23DF2211E70E400FEA81B /* libOVIA.h in Headers */,
				2CA23DEC211E70E400FEA81B /* PNMCommon.h in Headers */,
				2CA23DF0211E70E400FEA81B /* W64Common.h in Headers */,
			);
			runOnlyForDeploymentPostprocessing = 0;
		};
/* End PBXHeadersBuildPhase section */

/* Begin PBXNativeTarget section */
		2C002C212119916C00DC8C9D /* OVIA */ = {
			isa = PBXNativeTarget;
			buildConfigurationList = 2C002C262119916C00DC8C9D /* Build configuration list for PBXNativeTarget "OVIA" */;
			buildPhases = (
				2C002C1E2119916C00DC8C9D /* Headers */,
				2C002C1F2119916C00DC8C9D /* Sources */,
				2C002C202119916C00DC8C9D /* Frameworks */,
			);
			buildRules = (
			);
			dependencies = (
			);
			name = OVIA;
			productName = OVIA;
			productReference = 2C002C222119916C00DC8C9D /* libOVIA.a */;
			productType = "com.apple.product-type.library.static";
		};
/* End PBXNativeTarget section */

/* Begin PBXProject section */
		2C002C1A2119916C00DC8C9D /* Project object */ = {
			isa = PBXProject;
			attributes = {
				LastUpgradeCheck = 1000;
				ORGANIZATIONNAME = "Marcus Johnson";
				TargetAttributes = {
					2C002C212119916C00DC8C9D = {
						CreatedOnToolsVersion = 10.0;
						DevelopmentTeam = 628J9L7WK5;
						ProvisioningStyle = Automatic;
					};
				};
			};
			buildConfigurationList = 2C002C1D2119916C00DC8C9D /* Build configuration list for PBXProject "OVIA" */;
			compatibilityVersion = "Xcode 6.3";
			developmentRegion = en;
			hasScannedForEncodings = 0;
			knownRegions = (
				en,
			);
			mainGroup = 2C002C192119916C00DC8C9D;
			productRefGroup = 2C002C232119916C00DC8C9D /* Products */;
			projectDirPath = "";
			projectReferences = (
				{
					ProductGroup = 2C397079211CEA5A0067D447 /* Products */;
					ProjectRef = 2C397078211CEA5A0067D447 /* FoundationIO.xcodeproj */;
				},
			);
			projectRoot = "";
			targets = (
				2C002C212119916C00DC8C9D /* OVIA */,
			);
		};
/* End PBXProject section */

/* Begin PBXReferenceProxy section */
		2C39707D211CEA5A0067D447 /* libFoundationIO.a */ = {
			isa = PBXReferenceProxy;
			fileType = archive.ar;
			path = libFoundationIO.a;
			remoteRef = 2C39707C211CEA5A0067D447 /* PBXContainerItemProxy */;
			sourceTree = BUILT_PRODUCTS_DIR;
		};
/* End PBXReferenceProxy section */

/* Begin PBXSourcesBuildPhase section */
		2C002C1F2119916C00DC8C9D /* Sources */ = {
			isa = PBXSourcesBuildPhase;
			buildActionMask = 2147483647;
			files = (
				2CA23E11211E70F100FEA81B /* PNGEncoder.c in Sources */,
				2CA23E08211E70F100FEA81B /* libOVIA.c in Sources */,
				2CA23E12211E70F100FEA81B /* PNMEncoder.c in Sources */,
				2CA23E09211E70F100FEA81B /* PNMDecoder.c in Sources */,
				2CA23E16211E70F100FEA81B /* AIFEncoder.c in Sources */,
				2CA23E15211E70F100FEA81B /* WAVEncoder.c in Sources */,
				2CA23E0C211E70F100FEA81B /* AIFDecoder.c in Sources */,
				2CA23E13211E70F100FEA81B /* FLACEncoder.c in Sources */,
				2CA23E0F211E70F100FEA81B /* FLACDecoder.c in Sources */,
				2CA23E0A211E70F100FEA81B /* PNGDecoder.c in Sources */,
				2CA23E0E211E70F100FEA81B /* W64Decoder.c in Sources */,
				2CA23E0D211E70F100FEA81B /* WAVDecoder.c in Sources */,
				2CA23E14211E70F100FEA81B /* W64Encoder.c in Sources */,
				2CA23E10211E70F100FEA81B /* BMPEncoder.c in Sources */,
				2CA23E0B211E70F100FEA81B /* BMPDecoder.c in Sources */,
			);
			runOnlyForDeploymentPostprocessing = 0;
		};
/* End PBXSourcesBuildPhase section */

/* Begin XCBuildConfiguration section */
		2C002C242119916C00DC8C9D /* Debug */ = {
			isa = XCBuildConfiguration;
			buildSettings = {
				ALWAYS_SEARCH_USER_PATHS = NO;
				CLANG_ANALYZER_NONNULL = YES;
				CLANG_ANALYZER_NUMBER_OBJECT_CONVERSION = YES_AGGRESSIVE;
				CLANG_CXX_LANGUAGE_STANDARD = "gnu++14";
				CLANG_CXX_LIBRARY = "libc++";
				CLANG_ENABLE_MODULES = YES;
				CLANG_ENABLE_OBJC_ARC = YES;
				CLANG_ENABLE_OBJC_WEAK = YES;
				CLANG_WARN_BLOCK_CAPTURE_AUTORELEASING = YES;
				CLANG_WARN_BOOL_CONVERSION = YES;
				CLANG_WARN_COMMA = YES;
				CLANG_WARN_CONSTANT_CONVERSION = YES;
				CLANG_WARN_DEPRECATED_OBJC_IMPLEMENTATIONS = YES;
				CLANG_WARN_DIRECT_OBJC_ISA_USAGE = YES_ERROR;
				CLANG_WARN_DOCUMENTATION_COMMENTS = YES;
				CLANG_WARN_EMPTY_BODY = YES;
				CLANG_WARN_ENUM_CONVERSION = YES;
				CLANG_WARN_INFINITE_RECURSION = YES;
				CLANG_WARN_INT_CONVERSION = YES;
				CLANG_WARN_NON_LITERAL_NULL_CONVERSION = YES;
				CLANG_WARN_OBJC_IMPLICIT_RETAIN_SELF = YES;
				CLANG_WARN_OBJC_LITERAL_CONVERSION = YES;
				CLANG_WARN_OBJC_ROOT_CLASS = YES_ERROR;
				CLANG_WARN_RANGE_LOOP_ANALYSIS = YES;
				CLANG_WARN_STRICT_PROTOTYPES = YES;
				CLANG_WARN_SUSPICIOUS_MOVE = YES;
				CLANG_WARN_UNGUARDED_AVAILABILITY = YES_AGGRESSIVE;
				CLANG_WARN_UNREACHABLE_CODE = YES;
				CLANG_WARN__DUPLICATE_METHOD_MATCH = YES;
				CODE_SIGN_IDENTITY = "Mac Developer";
				COPY_PHASE_STRIP = NO;
				DEAD_CODE_STRIPPING = YES;
				DEBUG_INFORMATION_FORMAT = dwarf;
				ENABLE_STRICT_OBJC_MSGSEND = YES;
				ENABLE_TESTABILITY = YES;
				GCC_CHAR_IS_UNSIGNED_CHAR = YES;
				GCC_C_LANGUAGE_STANDARD = gnu11;
				GCC_DYNAMIC_NO_PIC = NO;
				GCC_NO_COMMON_BLOCKS = YES;
				GCC_OPTIMIZATION_LEVEL = 0;
				GCC_PREPROCESSOR_DEFINITIONS = (
					"DEBUG=1",
					"$(inherited)",
				);
				GCC_WARN_64_TO_32_BIT_CONVERSION = YES;
				GCC_WARN_ABOUT_RETURN_TYPE = YES_ERROR;
				GCC_WARN_UNDECLARED_SELECTOR = YES;
				GCC_WARN_UNINITIALIZED_AUTOS = YES_AGGRESSIVE;
				GCC_WARN_UNUSED_FUNCTION = YES;
				GCC_WARN_UNUSED_VARIABLE = YES;
				LLVM_LTO = YES;
				MACOSX_DEPLOYMENT_TARGET = 10.14;
				MTL_ENABLE_DEBUG_INFO = INCLUDE_SOURCE;
				MTL_FAST_MATH = YES;
				ONLY_ACTIVE_ARCH = YES;
				OTHER_CFLAGS = (
					"-fstrict-enums",
					"-Wno-c99-compat",
					"-funsigned-char",
					"-funroll-loops",
					"-fshort-enums",
					"-fcolor-diagnostics",
					"-Weverything",
					"-ferror-limit=1024",
				);
				SDKROOT = macosx;
				STRINGS_FILE_OUTPUT_ENCODING = "UTF-8";
			};
			name = Debug;
		};
		2C002C252119916C00DC8C9D /* Release */ = {
			isa = XCBuildConfiguration;
			buildSettings = {
				ALWAYS_SEARCH_USER_PATHS = NO;
				CLANG_ANALYZER_NONNULL = YES;
				CLANG_ANALYZER_NUMBER_OBJECT_CONVERSION = YES_AGGRESSIVE;
				CLANG_CXX_LANGUAGE_STANDARD = "gnu++14";
				CLANG_CXX_LIBRARY = "libc++";
				CLANG_ENABLE_MODULES = YES;
				CLANG_ENABLE_OBJC_ARC = YES;
				CLANG_ENABLE_OBJC_WEAK = YES;
				CLANG_WARN_BLOCK_CAPTURE_AUTORELEASING = YES;
				CLANG_WARN_BOOL_CONVERSION = YES;
				CLANG_WARN_COMMA = YES;
				CLANG_WARN_CONSTANT_CONVERSION = YES;
				CLANG_WARN_DEPRECATED_OBJC_IMPLEMENTATIONS = YES;
				CLANG_WARN_DIRECT_OBJC_ISA_USAGE = YES_ERROR;
				CLANG_WARN_DOCUMENTATION_COMMENTS = YES;
				CLANG_WARN_EMPTY_BODY = YES;
				CLANG_WARN_ENUM_CONVERSION = YES;
				CLANG_WARN_INFINITE_RECURSION = YES;
				CLANG_WARN_INT_CONVERSION = YES;
				CLANG_WARN_NON_LITERAL_NULL_CONVERSION = YES;
				CLANG_WARN_OBJC_IMPLICIT_RETAIN_SELF = YES;
				CLANG_WARN_OBJC_LITERAL_CONVERSION = YES;
				CLANG_WARN_OBJC_ROOT_CLASS = YES_ERROR;
				CLANG_WARN_RANGE_LOOP_ANALYSIS = YES;
				CLANG_WARN_STRICT_PROTOTYPES = YES;
				CLANG_WARN_SUSPICIOUS_MOVE = YES;
				CLANG_WARN_UNGUARDED_AVAILABILITY = YES_AGGRESSIVE;
				CLANG_WARN_UNREACHABLE_CODE = YES;
				CLANG_WARN__DUPLICATE_METHOD_MATCH = YES;
				CODE_SIGN_IDENTITY = "Mac Developer";
				COPY_PHASE_STRIP = YES;
				DEAD_CODE_STRIPPING = YES;
				DEBUG_INFORMATION_FORMAT = dwarf;
				ENABLE_NS_ASSERTIONS = NO;
				ENABLE_STRICT_OBJC_MSGSEND = YES;
				GCC_CHAR_IS_UNSIGNED_CHAR = YES;
				GCC_C_LANGUAGE_STANDARD = gnu11;
				GCC_NO_COMMON_BLOCKS = YES;
				GCC_WARN_64_TO_32_BIT_CONVERSION = YES;
				GCC_WARN_ABOUT_RETURN_TYPE = YES_ERROR;
				GCC_WARN_UNDECLARED_SELECTOR = YES;
				GCC_WARN_UNINITIALIZED_AUTOS = YES_AGGRESSIVE;
				GCC_WARN_UNUSED_FUNCTION = YES;
				GCC_WARN_UNUSED_VARIABLE = YES;
				LLVM_LTO = YES;
				MACOSX_DEPLOYMENT_TARGET = 10.14;
				MTL_ENABLE_DEBUG_INFO = NO;
				MTL_FAST_MATH = YES;
				OTHER_CFLAGS = (
					"-fstrict-enums",
					"-Wno-c99-compat",
					"-funsigned-char",
					"-funroll-loops",
					"-fshort-enums",
					"-fcolor-diagnostics",
					"-Weverything",
					"-ferror-limit=1024",
				);
				SDKROOT = macosx;
				STRINGS_FILE_OUTPUT_ENCODING = "UTF-8";
			};
			name = Release;
		};
		2C002C272119916C00DC8C9D /* Debug */ = {
			isa = XCBuildConfiguration;
			buildSettings = {
				CODE_SIGN_STYLE = Automatic;
				DEVELOPMENT_TEAM = 628J9L7WK5;
				EXECUTABLE_PREFIX = lib;
				PRODUCT_NAME = "$(TARGET_NAME)";
				SKIP_INSTALL = YES;
			};
			name = Debug;
		};
		2C002C282119916C00DC8C9D /* Release */ = {
			isa = XCBuildConfiguration;
			buildSettings = {
				CODE_SIGN_STYLE = Automatic;
				DEVELOPMENT_TEAM = 628J9L7WK5;
				EXECUTABLE_PREFIX = lib;
				PRODUCT_NAME = "$(TARGET_NAME)";
				SKIP_INSTALL = YES;
			};
			name = Release;
		};
/* End XCBuildConfiguration section */

/* Begin XCConfigurationList section */
		2C002C1D2119916C00DC8C9D /* Build configuration list for PBXProject "OVIA" */ = {
			isa = XCConfigurationList;
			buildConfigurations = (
				2C002C242119916C00DC8C9D /* Debug */,
				2C002C252119916C00DC8C9D /* Release */,
			);
			defaultConfigurationIsVisible = 0;
			defaultConfigurationName = Release;
		};
		2C002C262119916C00DC8C9D /* Build configuration list for PBXNativeTarget "OVIA" */ = {
			isa = XCConfigurationList;
			buildConfigurations = (
				2C002C272119916C00DC8C9D /* Debug */,
				2C002C282119916C00DC8C9D /* Release */,
			);
			defaultConfigurationIsVisible = 0;
			defaultConfigurationName = Release;
		};
/* End XCConfigurationList section */
	};
	rootObject = 2C002C1A2119916C00DC8C9D /* Project object */;
}
