// !$*UTF8*$!
{
	archiveVersion = 1;
	classes = {
	};
	objectVersion = 50;
	objects = {

/* Begin PBXBuildFile section */
		2C6B215F22D5959800E6D227 /* ID3.c in Sources */ = {isa = PBXBuildFile; fileRef = 2C6B215E22D5959700E6D227 /* ID3.c */; };
		2C6B216722D595E700E6D227 /* ID3Common.h in Headers */ = {isa = PBXBuildFile; fileRef = 2C6B216622D595E700E6D227 /* ID3Common.h */; };
		2C9457F322D3DEFC00A7755E /* AIFCDecoder.c in Sources */ = {isa = PBXBuildFile; fileRef = 2C9457F222D3DEFC00A7755E /* AIFCDecoder.c */; };
		2CB4145622D1BE1D00C402EA /* FoundationIO.dylib in Frameworks */ = {isa = PBXBuildFile; fileRef = 2CE43FB422BCAC1C00E8DF3C /* FoundationIO.dylib */; };
		2CB4145722D1BE8100C402EA /* OVIA.h in Headers */ = {isa = PBXBuildFile; fileRef = 2C502EBD228127CB00EB4956 /* OVIA.h */; };
		2CB4145822D1BE8100C402EA /* OVIACommon.h in Headers */ = {isa = PBXBuildFile; fileRef = 2CEA1E3922C4660700107B55 /* OVIACommon.h */; };
		2CB4145922D1BE8100C402EA /* AIFCommon.h in Headers */ = {isa = PBXBuildFile; fileRef = 2CE43F8822BCAB6D00E8DF3C /* AIFCommon.h */; };
		2CB4145A22D1BE8100C402EA /* BMPCommon.h in Headers */ = {isa = PBXBuildFile; fileRef = 2CE43F8F22BCAB6E00E8DF3C /* BMPCommon.h */; };
		2CB4145B22D1BE8100C402EA /* FLACCommon.h in Headers */ = {isa = PBXBuildFile; fileRef = 2CE43F8E22BCAB6E00E8DF3C /* FLACCommon.h */; };
		2CB4145D22D1BE8100C402EA /* PNMCommon.h in Headers */ = {isa = PBXBuildFile; fileRef = 2CE43F8722BCAB6D00E8DF3C /* PNMCommon.h */; };
		2CB4145E22D1BE8100C402EA /* W64Common.h in Headers */ = {isa = PBXBuildFile; fileRef = 2CE43F8A22BCAB6D00E8DF3C /* W64Common.h */; };
		2CB4145F22D1BE8100C402EA /* WAVCommon.h in Headers */ = {isa = PBXBuildFile; fileRef = 2CE43F8C22BCAB6D00E8DF3C /* WAVCommon.h */; };
		2CB4146022D1BE8100C402EA /* OVIA.c in Sources */ = {isa = PBXBuildFile; fileRef = 2C502EBB228127B900EB4956 /* OVIA.c */; };
		2CB4146122D1BE8100C402EA /* AIFCommon.c in Sources */ = {isa = PBXBuildFile; fileRef = 2CAE214922C607A8005D24CB /* AIFCommon.c */; };
		2CB4146222D1BE8100C402EA /* BMPCommon.c in Sources */ = {isa = PBXBuildFile; fileRef = 2CAE214822C607A8005D24CB /* BMPCommon.c */; };
		2CB4146322D1BE8100C402EA /* FLACCommon.c in Sources */ = {isa = PBXBuildFile; fileRef = 2CAE214722C607A8005D24CB /* FLACCommon.c */; };
		2CB4146522D1BE8100C402EA /* W64Common.c in Sources */ = {isa = PBXBuildFile; fileRef = 2CAE214C22C607A9005D24CB /* W64Common.c */; };
		2CB4146622D1BE8100C402EA /* WAVCommon.c in Sources */ = {isa = PBXBuildFile; fileRef = 2CAE214A22C607A8005D24CB /* WAVCommon.c */; };
		2CB4146722D1BE8100C402EA /* PNMCommon.c in Sources */ = {isa = PBXBuildFile; fileRef = 2CAE215322C60837005D24CB /* PNMCommon.c */; };
		2CB4146822D1BE8100C402EA /* AIFDecoder.c in Sources */ = {isa = PBXBuildFile; fileRef = 2CE43F6722BCAB2A00E8DF3C /* AIFDecoder.c */; };
		2CB4146922D1BE8100C402EA /* BMPDecoder.c in Sources */ = {isa = PBXBuildFile; fileRef = 2CE43F6922BCAB2A00E8DF3C /* BMPDecoder.c */; };
		2CB4146A22D1BE8100C402EA /* FLACDecoder.c in Sources */ = {isa = PBXBuildFile; fileRef = 2CE43F6C22BCAB2A00E8DF3C /* FLACDecoder.c */; };
		2CB4146C22D1BE8100C402EA /* PNMDecoder.c in Sources */ = {isa = PBXBuildFile; fileRef = 2CE43F6D22BCAB2A00E8DF3C /* PNMDecoder.c */; };
		2CB4146D22D1BE8100C402EA /* W64Decoder.c in Sources */ = {isa = PBXBuildFile; fileRef = 2CE43F6B22BCAB2A00E8DF3C /* W64Decoder.c */; };
		2CB4146E22D1BE8100C402EA /* WAVDecoder.c in Sources */ = {isa = PBXBuildFile; fileRef = 2CE43F6622BCAB2A00E8DF3C /* WAVDecoder.c */; };
		2CB4146F22D1BE8100C402EA /* AIFEncoder.c in Sources */ = {isa = PBXBuildFile; fileRef = 2CE43F7822BCAB3B00E8DF3C /* AIFEncoder.c */; };
		2CB4147022D1BE8100C402EA /* BMPEncoder.c in Sources */ = {isa = PBXBuildFile; fileRef = 2CE43F7A22BCAB3B00E8DF3C /* BMPEncoder.c */; };
		2CB4147122D1BE8100C402EA /* FLACEncoder.c in Sources */ = {isa = PBXBuildFile; fileRef = 2CE43F7B22BCAB3B00E8DF3C /* FLACEncoder.c */; };
		2CB4147322D1BE8100C402EA /* PNMEncoder.c in Sources */ = {isa = PBXBuildFile; fileRef = 2CE43F7D22BCAB3B00E8DF3C /* PNMEncoder.c */; };
		2CB4147422D1BE8100C402EA /* W64Encoder.c in Sources */ = {isa = PBXBuildFile; fileRef = 2CE43F7C22BCAB3B00E8DF3C /* W64Encoder.c */; };
		2CB4147522D1BE8100C402EA /* WAVEncoder.c in Sources */ = {isa = PBXBuildFile; fileRef = 2CE43F7722BCAB3B00E8DF3C /* WAVEncoder.c */; };
/* End PBXBuildFile section */

/* Begin PBXContainerItemProxy section */
		2CAE214122C606AC005D24CB /* PBXContainerItemProxy */ = {
			isa = PBXContainerItemProxy;
			containerPortal = 2CE43FAB22BCAC1C00E8DF3C /* FoundationIO.xcodeproj */;
			proxyType = 2;
			remoteGlobalIDString = 2CCC439222B7E05100798CAB;
			remoteInfo = Test_CryptographyIO;
		};
		2CAE214322C606AC005D24CB /* PBXContainerItemProxy */ = {
			isa = PBXContainerItemProxy;
			containerPortal = 2CE43FAB22BCAC1C00E8DF3C /* FoundationIO.xcodeproj */;
			proxyType = 2;
			remoteGlobalIDString = 2CCC438622B7E01C00798CAB;
			remoteInfo = Test_Math;
		};
		2CB4145322D1BE1800C402EA /* PBXContainerItemProxy */ = {
			isa = PBXContainerItemProxy;
			containerPortal = 2CE43FAB22BCAC1C00E8DF3C /* FoundationIO.xcodeproj */;
			proxyType = 1;
			remoteGlobalIDString = 2CA45B3F2283AA29009BFC25;
			remoteInfo = FoundationIO;
		};
		2CE43FB322BCAC1C00E8DF3C /* PBXContainerItemProxy */ = {
			isa = PBXContainerItemProxy;
			containerPortal = 2CE43FAB22BCAC1C00E8DF3C /* FoundationIO.xcodeproj */;
			proxyType = 2;
			remoteGlobalIDString = 2CA45B402283AA29009BFC25;
			remoteInfo = FoundationIO;
		};
		2CE43FB522BCAC1C00E8DF3C /* PBXContainerItemProxy */ = {
			isa = PBXContainerItemProxy;
			containerPortal = 2CE43FAB22BCAC1C00E8DF3C /* FoundationIO.xcodeproj */;
			proxyType = 2;
			remoteGlobalIDString = 2CA1BE1A21ABAF8F0035E9F9;
			remoteInfo = Test_BitIO;
		};
		2CE43FB722BCAC1C00E8DF3C /* PBXContainerItemProxy */ = {
			isa = PBXContainerItemProxy;
			containerPortal = 2CE43FAB22BCAC1C00E8DF3C /* FoundationIO.xcodeproj */;
			proxyType = 2;
			remoteGlobalIDString = 2CA1BE2521ABAFA20035E9F9;
			remoteInfo = Test_CommandLineIO;
		};
		2CE43FB922BCAC1C00E8DF3C /* PBXContainerItemProxy */ = {
			isa = PBXContainerItemProxy;
			containerPortal = 2CE43FAB22BCAC1C00E8DF3C /* FoundationIO.xcodeproj */;
			proxyType = 2;
			remoteGlobalIDString = 2CA1BE3021ABAFAC0035E9F9;
			remoteInfo = Test_ContainerIO;
		};
		2CE43FBB22BCAC1C00E8DF3C /* PBXContainerItemProxy */ = {
			isa = PBXContainerItemProxy;
			containerPortal = 2CE43FAB22BCAC1C00E8DF3C /* FoundationIO.xcodeproj */;
			proxyType = 2;
			remoteGlobalIDString = 2CA1BE3B21ABAFB70035E9F9;
			remoteInfo = Test_StringIO;
		};
/* End PBXContainerItemProxy section */

/* Begin PBXFileReference section */
		2C502EBB228127B900EB4956 /* OVIA.c */ = {isa = PBXFileReference; fileEncoding = 4; lastKnownFileType = sourcecode.c.c; name = OVIA.c; path = ../libOVIA/src/OVIA.c; sourceTree = "<group>"; };
		2C502EBD228127CB00EB4956 /* OVIA.h */ = {isa = PBXFileReference; fileEncoding = 4; lastKnownFileType = sourcecode.c.h; name = OVIA.h; path = ../libOVIA/include/OVIA.h; sourceTree = "<group>"; };
		2C6B215E22D5959700E6D227 /* ID3.c */ = {isa = PBXFileReference; lastKnownFileType = sourcecode.c.c; path = ID3.c; sourceTree = "<group>"; };
		2C6B216622D595E700E6D227 /* ID3Common.h */ = {isa = PBXFileReference; lastKnownFileType = sourcecode.c.h; name = ID3Common.h; path = ../libOVIA/include/Private/ID3Common.h; sourceTree = "<group>"; };
		2C9457F222D3DEFC00A7755E /* AIFCDecoder.c */ = {isa = PBXFileReference; lastKnownFileType = sourcecode.c.c; path = AIFCDecoder.c; sourceTree = "<group>"; };
		2CAE214722C607A8005D24CB /* FLACCommon.c */ = {isa = PBXFileReference; fileEncoding = 4; lastKnownFileType = sourcecode.c.c; name = FLACCommon.c; path = ../libOVIA/src/Common/FLACCommon.c; sourceTree = "<group>"; };
		2CAE214822C607A8005D24CB /* BMPCommon.c */ = {isa = PBXFileReference; fileEncoding = 4; lastKnownFileType = sourcecode.c.c; name = BMPCommon.c; path = ../libOVIA/src/Common/BMPCommon.c; sourceTree = "<group>"; };
		2CAE214922C607A8005D24CB /* AIFCommon.c */ = {isa = PBXFileReference; fileEncoding = 4; lastKnownFileType = sourcecode.c.c; name = AIFCommon.c; path = ../libOVIA/src/Common/AIFCommon.c; sourceTree = "<group>"; };
		2CAE214A22C607A8005D24CB /* WAVCommon.c */ = {isa = PBXFileReference; fileEncoding = 4; lastKnownFileType = sourcecode.c.c; name = WAVCommon.c; path = ../libOVIA/src/Common/WAVCommon.c; sourceTree = "<group>"; };
		2CAE214B22C607A9005D24CB /* PNGCommon.c */ = {isa = PBXFileReference; fileEncoding = 4; lastKnownFileType = sourcecode.c.c; name = PNGCommon.c; path = ../libOVIA/src/Common/PNGCommon.c; sourceTree = "<group>"; };
		2CAE214C22C607A9005D24CB /* W64Common.c */ = {isa = PBXFileReference; fileEncoding = 4; lastKnownFileType = sourcecode.c.c; name = W64Common.c; path = ../libOVIA/src/Common/W64Common.c; sourceTree = "<group>"; };
		2CAE215322C60837005D24CB /* PNMCommon.c */ = {isa = PBXFileReference; lastKnownFileType = sourcecode.c.c; name = PNMCommon.c; path = ../libOVIA/src/Common/PNMCommon.c; sourceTree = "<group>"; };
		2CB4144F22D1BE1000C402EA /* OVIA.dylib */ = {isa = PBXFileReference; explicitFileType = "compiled.mach-o.dylib"; includeInIndex = 0; path = OVIA.dylib; sourceTree = BUILT_PRODUCTS_DIR; };
		2CE43F6622BCAB2A00E8DF3C /* WAVDecoder.c */ = {isa = PBXFileReference; fileEncoding = 4; lastKnownFileType = sourcecode.c.c; path = WAVDecoder.c; sourceTree = "<group>"; };
		2CE43F6722BCAB2A00E8DF3C /* AIFDecoder.c */ = {isa = PBXFileReference; fileEncoding = 4; lastKnownFileType = sourcecode.c.c; path = AIFDecoder.c; sourceTree = "<group>"; };
		2CE43F6822BCAB2A00E8DF3C /* PNGDecoder.c */ = {isa = PBXFileReference; fileEncoding = 4; lastKnownFileType = sourcecode.c.c; path = PNGDecoder.c; sourceTree = "<group>"; };
		2CE43F6922BCAB2A00E8DF3C /* BMPDecoder.c */ = {isa = PBXFileReference; fileEncoding = 4; lastKnownFileType = sourcecode.c.c; path = BMPDecoder.c; sourceTree = "<group>"; };
		2CE43F6B22BCAB2A00E8DF3C /* W64Decoder.c */ = {isa = PBXFileReference; fileEncoding = 4; lastKnownFileType = sourcecode.c.c; path = W64Decoder.c; sourceTree = "<group>"; };
		2CE43F6C22BCAB2A00E8DF3C /* FLACDecoder.c */ = {isa = PBXFileReference; fileEncoding = 4; lastKnownFileType = sourcecode.c.c; path = FLACDecoder.c; sourceTree = "<group>"; };
		2CE43F6D22BCAB2A00E8DF3C /* PNMDecoder.c */ = {isa = PBXFileReference; fileEncoding = 4; lastKnownFileType = sourcecode.c.c; path = PNMDecoder.c; sourceTree = "<group>"; };
		2CE43F7722BCAB3B00E8DF3C /* WAVEncoder.c */ = {isa = PBXFileReference; fileEncoding = 4; lastKnownFileType = sourcecode.c.c; path = WAVEncoder.c; sourceTree = "<group>"; };
		2CE43F7822BCAB3B00E8DF3C /* AIFEncoder.c */ = {isa = PBXFileReference; fileEncoding = 4; lastKnownFileType = sourcecode.c.c; path = AIFEncoder.c; sourceTree = "<group>"; };
		2CE43F7922BCAB3B00E8DF3C /* PNGEncoder.c */ = {isa = PBXFileReference; fileEncoding = 4; lastKnownFileType = sourcecode.c.c; path = PNGEncoder.c; sourceTree = "<group>"; };
		2CE43F7A22BCAB3B00E8DF3C /* BMPEncoder.c */ = {isa = PBXFileReference; fileEncoding = 4; lastKnownFileType = sourcecode.c.c; path = BMPEncoder.c; sourceTree = "<group>"; };
		2CE43F7B22BCAB3B00E8DF3C /* FLACEncoder.c */ = {isa = PBXFileReference; fileEncoding = 4; lastKnownFileType = sourcecode.c.c; path = FLACEncoder.c; sourceTree = "<group>"; };
		2CE43F7C22BCAB3B00E8DF3C /* W64Encoder.c */ = {isa = PBXFileReference; fileEncoding = 4; lastKnownFileType = sourcecode.c.c; path = W64Encoder.c; sourceTree = "<group>"; };
		2CE43F7D22BCAB3B00E8DF3C /* PNMEncoder.c */ = {isa = PBXFileReference; fileEncoding = 4; lastKnownFileType = sourcecode.c.c; path = PNMEncoder.c; sourceTree = "<group>"; };
		2CE43F8722BCAB6D00E8DF3C /* PNMCommon.h */ = {isa = PBXFileReference; fileEncoding = 4; lastKnownFileType = sourcecode.c.h; name = PNMCommon.h; path = ../libOVIA/include/Private/PNMCommon.h; sourceTree = "<group>"; };
		2CE43F8822BCAB6D00E8DF3C /* AIFCommon.h */ = {isa = PBXFileReference; fileEncoding = 4; lastKnownFileType = sourcecode.c.h; name = AIFCommon.h; path = ../libOVIA/include/Private/AIFCommon.h; sourceTree = "<group>"; };
		2CE43F8922BCAB6D00E8DF3C /* PNGCommon.h */ = {isa = PBXFileReference; fileEncoding = 4; lastKnownFileType = sourcecode.c.h; name = PNGCommon.h; path = ../libOVIA/include/Private/PNGCommon.h; sourceTree = "<group>"; };
		2CE43F8A22BCAB6D00E8DF3C /* W64Common.h */ = {isa = PBXFileReference; fileEncoding = 4; lastKnownFileType = sourcecode.c.h; name = W64Common.h; path = ../libOVIA/include/Private/W64Common.h; sourceTree = "<group>"; };
		2CE43F8C22BCAB6D00E8DF3C /* WAVCommon.h */ = {isa = PBXFileReference; fileEncoding = 4; lastKnownFileType = sourcecode.c.h; name = WAVCommon.h; path = ../libOVIA/include/Private/WAVCommon.h; sourceTree = "<group>"; };
		2CE43F8E22BCAB6E00E8DF3C /* FLACCommon.h */ = {isa = PBXFileReference; fileEncoding = 4; lastKnownFileType = sourcecode.c.h; name = FLACCommon.h; path = ../libOVIA/include/Private/FLACCommon.h; sourceTree = "<group>"; };
		2CE43F8F22BCAB6E00E8DF3C /* BMPCommon.h */ = {isa = PBXFileReference; fileEncoding = 4; lastKnownFileType = sourcecode.c.h; name = BMPCommon.h; path = ../libOVIA/include/Private/BMPCommon.h; sourceTree = "<group>"; };
		2CE43FAB22BCAC1C00E8DF3C /* FoundationIO.xcodeproj */ = {isa = PBXFileReference; lastKnownFileType = "wrapper.pb-project"; name = FoundationIO.xcodeproj; path = ../Dependencies/FoundationIO/Projects/FoundationIO.xcodeproj; sourceTree = "<group>"; };
		2CEA1E3922C4660700107B55 /* OVIACommon.h */ = {isa = PBXFileReference; lastKnownFileType = sourcecode.c.h; name = OVIACommon.h; path = ../libOVIA/include/Private/OVIACommon.h; sourceTree = "<group>"; };
/* End PBXFileReference section */

/* Begin PBXFrameworksBuildPhase section */
		2CB4144D22D1BE1000C402EA /* Frameworks */ = {
			isa = PBXFrameworksBuildPhase;
			buildActionMask = 2147483647;
			files = (
				2CB4145622D1BE1D00C402EA /* FoundationIO.dylib in Frameworks */,
			);
			runOnlyForDeploymentPostprocessing = 0;
		};
/* End PBXFrameworksBuildPhase section */

/* Begin PBXGroup section */
		2C0B19AA21901A68009659A3 = {
			isa = PBXGroup;
			children = (
				2C0B19BA21901A8A009659A3 /* Dependencies */,
				2C0B19C921901ED6009659A3 /* OVIA */,
				2C0B19B421901A68009659A3 /* Products */,
			);
			sourceTree = "<group>";
		};
		2C0B19B421901A68009659A3 /* Products */ = {
			isa = PBXGroup;
			children = (
				2CB4144F22D1BE1000C402EA /* OVIA.dylib */,
			);
			name = Products;
			sourceTree = "<group>";
		};
		2C0B19BA21901A8A009659A3 /* Dependencies */ = {
			isa = PBXGroup;
			children = (
				2CE43FAB22BCAC1C00E8DF3C /* FoundationIO.xcodeproj */,
			);
			name = Dependencies;
			sourceTree = "<group>";
		};
		2C0B19C921901ED6009659A3 /* OVIA */ = {
			isa = PBXGroup;
			children = (
				2C0B19CC21901EE9009659A3 /* Headers */,
				2C0B19CB21901EE4009659A3 /* Source */,
			);
			name = OVIA;
			sourceTree = "<group>";
		};
		2C0B19CB21901EE4009659A3 /* Source */ = {
			isa = PBXGroup;
			children = (
				2C502EBB228127B900EB4956 /* OVIA.c */,
				2C33595121A2199F00141800 /* Common */,
				2C0B19D921901EFE009659A3 /* Decode */,
				2C0B19CD21901EFE009659A3 /* Encode */,
			);
			name = Source;
			sourceTree = "<group>";
		};
		2C0B19CC21901EE9009659A3 /* Headers */ = {
			isa = PBXGroup;
			children = (
				2C502EBD228127CB00EB4956 /* OVIA.h */,
				2CE43F8622BCAB5D00E8DF3C /* Private */,
			);
			name = Headers;
			sourceTree = "<group>";
		};
		2C0B19CD21901EFE009659A3 /* Encode */ = {
			isa = PBXGroup;
			children = (
				2CE43F7822BCAB3B00E8DF3C /* AIFEncoder.c */,
				2CE43F7A22BCAB3B00E8DF3C /* BMPEncoder.c */,
				2CE43F7B22BCAB3B00E8DF3C /* FLACEncoder.c */,
				2CE43F7922BCAB3B00E8DF3C /* PNGEncoder.c */,
				2CE43F7D22BCAB3B00E8DF3C /* PNMEncoder.c */,
				2CE43F7C22BCAB3B00E8DF3C /* W64Encoder.c */,
				2CE43F7722BCAB3B00E8DF3C /* WAVEncoder.c */,
			);
			name = Encode;
			path = ../libOVIA/src/Encode;
			sourceTree = "<group>";
		};
		2C0B19D921901EFE009659A3 /* Decode */ = {
			isa = PBXGroup;
			children = (
				2CE43F6722BCAB2A00E8DF3C /* AIFDecoder.c */,
				2C9457F222D3DEFC00A7755E /* AIFCDecoder.c */,
				2CE43F6922BCAB2A00E8DF3C /* BMPDecoder.c */,
				2CE43F6C22BCAB2A00E8DF3C /* FLACDecoder.c */,
				2CE43F6822BCAB2A00E8DF3C /* PNGDecoder.c */,
				2CE43F6D22BCAB2A00E8DF3C /* PNMDecoder.c */,
				2CE43F6B22BCAB2A00E8DF3C /* W64Decoder.c */,
				2CE43F6622BCAB2A00E8DF3C /* WAVDecoder.c */,
				2C6B215E22D5959700E6D227 /* ID3.c */,
			);
			name = Decode;
			path = ../libOVIA/src/Decode;
			sourceTree = "<group>";
		};
		2C33595121A2199F00141800 /* Common */ = {
			isa = PBXGroup;
			children = (
				2CAE214922C607A8005D24CB /* AIFCommon.c */,
				2CAE214822C607A8005D24CB /* BMPCommon.c */,
				2CAE214722C607A8005D24CB /* FLACCommon.c */,
				2CAE214B22C607A9005D24CB /* PNGCommon.c */,
				2CAE214C22C607A9005D24CB /* W64Common.c */,
				2CAE214A22C607A8005D24CB /* WAVCommon.c */,
				2CAE215322C60837005D24CB /* PNMCommon.c */,
			);
			name = Common;
			sourceTree = "<group>";
		};
		2CE43F8622BCAB5D00E8DF3C /* Private */ = {
			isa = PBXGroup;
			children = (
				2CEA1E3922C4660700107B55 /* OVIACommon.h */,
				2CE43F8822BCAB6D00E8DF3C /* AIFCommon.h */,
				2CE43F8F22BCAB6E00E8DF3C /* BMPCommon.h */,
				2CE43F8E22BCAB6E00E8DF3C /* FLACCommon.h */,
				2CE43F8922BCAB6D00E8DF3C /* PNGCommon.h */,
				2CE43F8722BCAB6D00E8DF3C /* PNMCommon.h */,
				2CE43F8A22BCAB6D00E8DF3C /* W64Common.h */,
				2CE43F8C22BCAB6D00E8DF3C /* WAVCommon.h */,
				2C6B216622D595E700E6D227 /* ID3Common.h */,
			);
			name = Private;
			sourceTree = "<group>";
		};
		2CE43FAC22BCAC1C00E8DF3C /* Products */ = {
			isa = PBXGroup;
			children = (
				2CE43FB422BCAC1C00E8DF3C /* FoundationIO.dylib */,
				2CE43FB622BCAC1C00E8DF3C /* Test_BitIO */,
				2CE43FB822BCAC1C00E8DF3C /* Test_CommandLineIO */,
				2CE43FBA22BCAC1C00E8DF3C /* Test_ContainerIO */,
				2CAE214222C606AC005D24CB /* Test_CryptographyIO */,
				2CAE214422C606AC005D24CB /* Test_Math */,
				2CE43FBC22BCAC1C00E8DF3C /* Test_StringIO */,
			);
			name = Products;
			sourceTree = "<group>";
		};
/* End PBXGroup section */

/* Begin PBXHeadersBuildPhase section */
		2CB4144B22D1BE1000C402EA /* Headers */ = {
			isa = PBXHeadersBuildPhase;
			buildActionMask = 2147483647;
			files = (
				2CB4145922D1BE8100C402EA /* AIFCommon.h in Headers */,
				2CB4145A22D1BE8100C402EA /* BMPCommon.h in Headers */,
				2CB4145822D1BE8100C402EA /* OVIACommon.h in Headers */,
				2CB4145E22D1BE8100C402EA /* W64Common.h in Headers */,
				2C6B216722D595E700E6D227 /* ID3Common.h in Headers */,
				2CB4145F22D1BE8100C402EA /* WAVCommon.h in Headers */,
				2CB4145B22D1BE8100C402EA /* FLACCommon.h in Headers */,
				2CB4145722D1BE8100C402EA /* OVIA.h in Headers */,
				2CB4145D22D1BE8100C402EA /* PNMCommon.h in Headers */,
			);
			runOnlyForDeploymentPostprocessing = 0;
		};
/* End PBXHeadersBuildPhase section */

/* Begin PBXNativeTarget section */
		2CB4144E22D1BE1000C402EA /* OVIA */ = {
			isa = PBXNativeTarget;
			buildConfigurationList = 2CB4145022D1BE1000C402EA /* Build configuration list for PBXNativeTarget "OVIA" */;
			buildPhases = (
				2CB4144B22D1BE1000C402EA /* Headers */,
				2CB4144C22D1BE1000C402EA /* Sources */,
				2CB4144D22D1BE1000C402EA /* Frameworks */,
			);
			buildRules = (
			);
			dependencies = (
				2CB4145422D1BE1800C402EA /* PBXTargetDependency */,
			);
			name = OVIA;
			productName = OVIA;
			productReference = 2CB4144F22D1BE1000C402EA /* OVIA.dylib */;
			productType = "com.apple.product-type.library.dynamic";
		};
/* End PBXNativeTarget section */

/* Begin PBXProject section */
		2C0B19AB21901A68009659A3 /* Project object */ = {
			isa = PBXProject;
			attributes = {
				LastUpgradeCheck = 1020;
				ORGANIZATIONNAME = BumbleBritches57;
				TargetAttributes = {
					2CB4144E22D1BE1000C402EA = {
						CreatedOnToolsVersion = 10.2.1;
					};
				};
			};
			buildConfigurationList = 2C0B19AE21901A68009659A3 /* Build configuration list for PBXProject "OVIA" */;
			compatibilityVersion = "Xcode 9.3";
			developmentRegion = en;
			hasScannedForEncodings = 0;
			knownRegions = (
				en,
				Base,
			);
			mainGroup = 2C0B19AA21901A68009659A3;
			productRefGroup = 2C0B19B421901A68009659A3 /* Products */;
			projectDirPath = "";
			projectReferences = (
				{
					ProductGroup = 2CE43FAC22BCAC1C00E8DF3C /* Products */;
					ProjectRef = 2CE43FAB22BCAC1C00E8DF3C /* FoundationIO.xcodeproj */;
				},
			);
			projectRoot = "";
			targets = (
				2CB4144E22D1BE1000C402EA /* OVIA */,
			);
		};
/* End PBXProject section */

/* Begin PBXReferenceProxy section */
		2CAE214222C606AC005D24CB /* Test_CryptographyIO */ = {
			isa = PBXReferenceProxy;
			fileType = "compiled.mach-o.executable";
			path = Test_CryptographyIO;
			remoteRef = 2CAE214122C606AC005D24CB /* PBXContainerItemProxy */;
			sourceTree = BUILT_PRODUCTS_DIR;
		};
		2CAE214422C606AC005D24CB /* Test_Math */ = {
			isa = PBXReferenceProxy;
			fileType = "compiled.mach-o.executable";
			path = Test_Math;
			remoteRef = 2CAE214322C606AC005D24CB /* PBXContainerItemProxy */;
			sourceTree = BUILT_PRODUCTS_DIR;
		};
		2CE43FB422BCAC1C00E8DF3C /* FoundationIO.dylib */ = {
			isa = PBXReferenceProxy;
			fileType = "compiled.mach-o.dylib";
			path = FoundationIO.dylib;
			remoteRef = 2CE43FB322BCAC1C00E8DF3C /* PBXContainerItemProxy */;
			sourceTree = BUILT_PRODUCTS_DIR;
		};
		2CE43FB622BCAC1C00E8DF3C /* Test_BitIO */ = {
			isa = PBXReferenceProxy;
			fileType = "compiled.mach-o.executable";
			path = Test_BitIO;
			remoteRef = 2CE43FB522BCAC1C00E8DF3C /* PBXContainerItemProxy */;
			sourceTree = BUILT_PRODUCTS_DIR;
		};
		2CE43FB822BCAC1C00E8DF3C /* Test_CommandLineIO */ = {
			isa = PBXReferenceProxy;
			fileType = "compiled.mach-o.executable";
			path = Test_CommandLineIO;
			remoteRef = 2CE43FB722BCAC1C00E8DF3C /* PBXContainerItemProxy */;
			sourceTree = BUILT_PRODUCTS_DIR;
		};
		2CE43FBA22BCAC1C00E8DF3C /* Test_ContainerIO */ = {
			isa = PBXReferenceProxy;
			fileType = "compiled.mach-o.executable";
			path = Test_ContainerIO;
			remoteRef = 2CE43FB922BCAC1C00E8DF3C /* PBXContainerItemProxy */;
			sourceTree = BUILT_PRODUCTS_DIR;
		};
		2CE43FBC22BCAC1C00E8DF3C /* Test_StringIO */ = {
			isa = PBXReferenceProxy;
			fileType = "compiled.mach-o.executable";
			path = Test_StringIO;
			remoteRef = 2CE43FBB22BCAC1C00E8DF3C /* PBXContainerItemProxy */;
			sourceTree = BUILT_PRODUCTS_DIR;
		};
/* End PBXReferenceProxy section */

/* Begin PBXSourcesBuildPhase section */
		2CB4144C22D1BE1000C402EA /* Sources */ = {
			isa = PBXSourcesBuildPhase;
			buildActionMask = 2147483647;
			files = (
				2CB4147322D1BE8100C402EA /* PNMEncoder.c in Sources */,
				2CB4147422D1BE8100C402EA /* W64Encoder.c in Sources */,
				2CB4146D22D1BE8100C402EA /* W64Decoder.c in Sources */,
				2CB4146C22D1BE8100C402EA /* PNMDecoder.c in Sources */,
				2CB4146822D1BE8100C402EA /* AIFDecoder.c in Sources */,
				2CB4146722D1BE8100C402EA /* PNMCommon.c in Sources */,
				2CB4146322D1BE8100C402EA /* FLACCommon.c in Sources */,
				2CB4146E22D1BE8100C402EA /* WAVDecoder.c in Sources */,
				2CB4146022D1BE8100C402EA /* OVIA.c in Sources */,
				2CB4146522D1BE8100C402EA /* W64Common.c in Sources */,
				2CB4146A22D1BE8100C402EA /* FLACDecoder.c in Sources */,
				2CB4147522D1BE8100C402EA /* WAVEncoder.c in Sources */,
				2C6B215F22D5959800E6D227 /* ID3.c in Sources */,
				2CB4147122D1BE8100C402EA /* FLACEncoder.c in Sources */,
				2CB4146122D1BE8100C402EA /* AIFCommon.c in Sources */,
				2CB4147022D1BE8100C402EA /* BMPEncoder.c in Sources */,
				2C9457F322D3DEFC00A7755E /* AIFCDecoder.c in Sources */,
				2CB4146922D1BE8100C402EA /* BMPDecoder.c in Sources */,
				2CB4146222D1BE8100C402EA /* BMPCommon.c in Sources */,
				2CB4146F22D1BE8100C402EA /* AIFEncoder.c in Sources */,
				2CB4146622D1BE8100C402EA /* WAVCommon.c in Sources */,
			);
			runOnlyForDeploymentPostprocessing = 0;
		};
/* End PBXSourcesBuildPhase section */

/* Begin PBXTargetDependency section */
		2CB4145422D1BE1800C402EA /* PBXTargetDependency */ = {
			isa = PBXTargetDependency;
			name = FoundationIO;
			targetProxy = 2CB4145322D1BE1800C402EA /* PBXContainerItemProxy */;
		};
/* End PBXTargetDependency section */

/* Begin XCBuildConfiguration section */
		2C0B19B521901A68009659A3 /* Debug */ = {
			isa = XCBuildConfiguration;
			buildSettings = {
				ALWAYS_SEARCH_USER_PATHS = NO;
				APPLY_RULES_IN_COPY_FILES = YES;
				CLANG_ANALYZER_NONNULL = YES;
				CLANG_ANALYZER_NUMBER_OBJECT_CONVERSION = YES_AGGRESSIVE;
				CLANG_CXX_LANGUAGE_STANDARD = "c++17";
				CLANG_CXX_LIBRARY = "libc++";
				CLANG_ENABLE_CODE_COVERAGE = NO;
				CLANG_ENABLE_MODULES = YES;
				CLANG_ENABLE_OBJC_ARC = NO;
				CLANG_ENABLE_OBJC_WEAK = NO;
				CLANG_LINK_OBJC_RUNTIME = NO;
				CLANG_UNDEFINED_BEHAVIOR_SANITIZER_INTEGER = YES;
				CLANG_WARN_BLOCK_CAPTURE_AUTORELEASING = YES;
				CLANG_WARN_BOOL_CONVERSION = YES;
				CLANG_WARN_COMMA = YES;
				CLANG_WARN_CONSTANT_CONVERSION = NO;
				CLANG_WARN_DEPRECATED_OBJC_IMPLEMENTATIONS = YES;
				CLANG_WARN_DIRECT_OBJC_ISA_USAGE = YES_ERROR;
				CLANG_WARN_DOCUMENTATION_COMMENTS = YES;
				CLANG_WARN_EMPTY_BODY = YES;
				CLANG_WARN_ENUM_CONVERSION = YES;
				CLANG_WARN_INFINITE_RECURSION = YES;
				CLANG_WARN_INT_CONVERSION = YES;
				CLANG_WARN_NON_LITERAL_NULL_CONVERSION = YES;
				CLANG_WARN_OBJC_IMPLICIT_RETAIN_SELF = YES;
				CLANG_WARN_OBJC_LITERAL_CONVERSION = YES;
				CLANG_WARN_OBJC_ROOT_CLASS = YES_ERROR;
				CLANG_WARN_RANGE_LOOP_ANALYSIS = YES;
				CLANG_WARN_STRICT_PROTOTYPES = YES;
				CLANG_WARN_SUSPICIOUS_MOVE = YES;
				CLANG_WARN_UNGUARDED_AVAILABILITY = YES_AGGRESSIVE;
				CLANG_WARN_UNREACHABLE_CODE = YES;
				CLANG_WARN__DUPLICATE_METHOD_MATCH = YES;
				CODE_SIGN_IDENTITY = "Mac Developer";
				COPY_PHASE_STRIP = NO;
				DEAD_CODE_STRIPPING = YES;
				DEBUG_INFORMATION_FORMAT = dwarf;
				DEVELOPMENT_TEAM = 628J9L7WK5;
				ENABLE_STRICT_OBJC_MSGSEND = YES;
				ENABLE_TESTABILITY = YES;
				GCC_CHAR_IS_UNSIGNED_CHAR = YES;
				GCC_C_LANGUAGE_STANDARD = c11;
				GCC_DYNAMIC_NO_PIC = NO;
				GCC_ENABLE_OBJC_EXCEPTIONS = NO;
				GCC_NO_COMMON_BLOCKS = YES;
				GCC_OPTIMIZATION_LEVEL = 1;
				GCC_PREPROCESSOR_DEFINITIONS = (
					"DEBUG=1",
					"$(inherited)",
				);
				GCC_SHORT_ENUMS = YES;
				GCC_UNROLL_LOOPS = YES;
				GCC_WARN_64_TO_32_BIT_CONVERSION = NO;
				GCC_WARN_ABOUT_RETURN_TYPE = YES_ERROR;
				GCC_WARN_UNDECLARED_SELECTOR = YES;
				GCC_WARN_UNINITIALIZED_AUTOS = YES_AGGRESSIVE;
				GCC_WARN_UNUSED_FUNCTION = YES;
				GCC_WARN_UNUSED_VARIABLE = YES;
				INFOPLIST_OUTPUT_FORMAT = binary;
				LLVM_LTO = YES;
				MACOSX_DEPLOYMENT_TARGET = 10.12;
				MODULE_NAME = OVIA;
				MTL_ENABLE_DEBUG_INFO = YES;
				MTL_FAST_MATH = NO;
				ONLY_ACTIVE_ARCH = YES;
				OTHER_CFLAGS = (
					"-funsigned-char",
					"-ferror-limit=1024",
					"-Weverything",
					"-Wno-c99-compat",
					"-Wno-conversion",
					"-Wno-reserved-id-macro",
					"-ffunction-sections",
					"-fdata-sections",
					"-funroll-loops",
					"-fvectorize",
					"-Wpadded",
					"-Wno-pointer-sign",
					"-Wno-ignored-attributes",
					"-funsigned-char",
					"-Wno-incompatible-pointer-types-discards-qualifiers",
				);
				PLIST_FILE_OUTPUT_FORMAT = binary;
				SDKROOT = macosx;
				STRINGS_FILE_OUTPUT_ENCODING = "UTF-8";
				STRIP_INSTALLED_PRODUCT = NO;
				STRIP_SWIFT_SYMBOLS = NO;
			};
			name = Debug;
		};
		2C0B19B621901A68009659A3 /* Release */ = {
			isa = XCBuildConfiguration;
			buildSettings = {
				ALWAYS_SEARCH_USER_PATHS = NO;
				APPLY_RULES_IN_COPY_FILES = YES;
				CLANG_ANALYZER_NONNULL = YES;
				CLANG_ANALYZER_NUMBER_OBJECT_CONVERSION = YES_AGGRESSIVE;
				CLANG_CXX_LANGUAGE_STANDARD = "c++17";
				CLANG_CXX_LIBRARY = "libc++";
				CLANG_ENABLE_CODE_COVERAGE = NO;
				CLANG_ENABLE_MODULES = YES;
				CLANG_ENABLE_OBJC_ARC = NO;
				CLANG_ENABLE_OBJC_WEAK = NO;
				CLANG_LINK_OBJC_RUNTIME = NO;
				CLANG_UNDEFINED_BEHAVIOR_SANITIZER_INTEGER = YES;
				CLANG_WARN_BLOCK_CAPTURE_AUTORELEASING = YES;
				CLANG_WARN_BOOL_CONVERSION = YES;
				CLANG_WARN_COMMA = YES;
				CLANG_WARN_CONSTANT_CONVERSION = NO;
				CLANG_WARN_DEPRECATED_OBJC_IMPLEMENTATIONS = YES;
				CLANG_WARN_DIRECT_OBJC_ISA_USAGE = YES_ERROR;
				CLANG_WARN_DOCUMENTATION_COMMENTS = YES;
				CLANG_WARN_EMPTY_BODY = YES;
				CLANG_WARN_ENUM_CONVERSION = YES;
				CLANG_WARN_INFINITE_RECURSION = YES;
				CLANG_WARN_INT_CONVERSION = YES;
				CLANG_WARN_NON_LITERAL_NULL_CONVERSION = YES;
				CLANG_WARN_OBJC_IMPLICIT_RETAIN_SELF = YES;
				CLANG_WARN_OBJC_LITERAL_CONVERSION = YES;
				CLANG_WARN_OBJC_ROOT_CLASS = YES_ERROR;
				CLANG_WARN_RANGE_LOOP_ANALYSIS = YES;
				CLANG_WARN_STRICT_PROTOTYPES = YES;
				CLANG_WARN_SUSPICIOUS_MOVE = YES;
				CLANG_WARN_UNGUARDED_AVAILABILITY = YES_AGGRESSIVE;
				CLANG_WARN_UNREACHABLE_CODE = YES;
				CLANG_WARN__DUPLICATE_METHOD_MATCH = YES;
				CODE_SIGN_IDENTITY = "Mac Developer";
				COPY_PHASE_STRIP = YES;
				DEAD_CODE_STRIPPING = YES;
				DEBUG_INFORMATION_FORMAT = dwarf;
				DEPLOYMENT_POSTPROCESSING = YES;
				DEVELOPMENT_TEAM = 628J9L7WK5;
				ENABLE_NS_ASSERTIONS = NO;
				ENABLE_STRICT_OBJC_MSGSEND = YES;
				ENABLE_TESTABILITY = NO;
				GCC_CHAR_IS_UNSIGNED_CHAR = YES;
				GCC_C_LANGUAGE_STANDARD = c11;
				GCC_ENABLE_OBJC_EXCEPTIONS = NO;
				GCC_GENERATE_DEBUGGING_SYMBOLS = NO;
				GCC_NO_COMMON_BLOCKS = YES;
				GCC_SHORT_ENUMS = YES;
				GCC_UNROLL_LOOPS = YES;
				GCC_WARN_64_TO_32_BIT_CONVERSION = NO;
				GCC_WARN_ABOUT_RETURN_TYPE = YES_ERROR;
				GCC_WARN_UNDECLARED_SELECTOR = YES;
				GCC_WARN_UNINITIALIZED_AUTOS = YES_AGGRESSIVE;
				GCC_WARN_UNUSED_FUNCTION = YES;
				GCC_WARN_UNUSED_VARIABLE = YES;
				INFOPLIST_OUTPUT_FORMAT = binary;
				LLVM_LTO = YES;
				MACOSX_DEPLOYMENT_TARGET = 10.12;
				MODULE_NAME = OVIA;
				MTL_ENABLE_DEBUG_INFO = NO;
				MTL_FAST_MATH = NO;
				OTHER_CFLAGS = (
					"-funsigned-char",
					"-ffunction-sections",
					"-fdata-sections",
					"-Wno-c99-compat",
					"-fvectorize",
					"-funroll-loops",
					"-Wno-pointer-sign",
				);
				PLIST_FILE_OUTPUT_FORMAT = binary;
				SDKROOT = macosx;
				STRINGS_FILE_OUTPUT_ENCODING = "UTF-8";
			};
			name = Release;
		};
		2CB4145122D1BE1000C402EA /* Debug */ = {
			isa = XCBuildConfiguration;
			buildSettings = {
				CLANG_CXX_LANGUAGE_STANDARD = "gnu++14";
				CLANG_ENABLE_OBJC_ARC = YES;
				CLANG_ENABLE_OBJC_WEAK = YES;
				CLANG_WARN_CONSTANT_CONVERSION = YES;
				CODE_SIGN_STYLE = Automatic;
				DEVELOPMENT_TEAM = 628J9L7WK5;
				DYLIB_COMPATIBILITY_VERSION = 1;
				DYLIB_CURRENT_VERSION = 1;
				EXECUTABLE_PREFIX = "";
				GCC_C_LANGUAGE_STANDARD = gnu11;
				GCC_OPTIMIZATION_LEVEL = 0;
				GCC_WARN_64_TO_32_BIT_CONVERSION = YES;
				MACOSX_DEPLOYMENT_TARGET = 10.14;
				MTL_ENABLE_DEBUG_INFO = INCLUDE_SOURCE;
				MTL_FAST_MATH = YES;
				PRODUCT_NAME = "$(TARGET_NAME)";
				SKIP_INSTALL = YES;
			};
			name = Debug;
		};
		2CB4145222D1BE1000C402EA /* Release */ = {
			isa = XCBuildConfiguration;
			buildSettings = {
				CLANG_CXX_LANGUAGE_STANDARD = "gnu++14";
				CLANG_ENABLE_OBJC_ARC = YES;
				CLANG_ENABLE_OBJC_WEAK = YES;
				CLANG_WARN_CONSTANT_CONVERSION = YES;
				CODE_SIGN_STYLE = Automatic;
				COPY_PHASE_STRIP = NO;
				DEBUG_INFORMATION_FORMAT = "dwarf-with-dsym";
				DEVELOPMENT_TEAM = 628J9L7WK5;
				DYLIB_COMPATIBILITY_VERSION = 1;
				DYLIB_CURRENT_VERSION = 1;
				EXECUTABLE_PREFIX = "";
				GCC_C_LANGUAGE_STANDARD = gnu11;
				GCC_WARN_64_TO_32_BIT_CONVERSION = YES;
				MACOSX_DEPLOYMENT_TARGET = 10.14;
				MTL_FAST_MATH = YES;
				PRODUCT_NAME = "$(TARGET_NAME)";
				SKIP_INSTALL = YES;
			};
			name = Release;
		};
/* End XCBuildConfiguration section */

/* Begin XCConfigurationList section */
		2C0B19AE21901A68009659A3 /* Build configuration list for PBXProject "OVIA" */ = {
			isa = XCConfigurationList;
			buildConfigurations = (
				2C0B19B521901A68009659A3 /* Debug */,
				2C0B19B621901A68009659A3 /* Release */,
			);
			defaultConfigurationIsVisible = 0;
			defaultConfigurationName = Release;
		};
		2CB4145022D1BE1000C402EA /* Build configuration list for PBXNativeTarget "OVIA" */ = {
			isa = XCConfigurationList;
			buildConfigurations = (
				2CB4145122D1BE1000C402EA /* Debug */,
				2CB4145222D1BE1000C402EA /* Release */,
			);
			defaultConfigurationIsVisible = 0;
			defaultConfigurationName = Release;
		};
/* End XCConfigurationList section */
	};
	rootObject = 2C0B19AB21901A68009659A3 /* Project object */;
}
