// !$*UTF8*$!
{
	archiveVersion = 1;
	classes = {
	};
	objectVersion = 47;
	objects = {

/* Begin PBXBuildFile section */
		2C41829E1E909BD000771EC6 /* ModernFLACTypes.c in Sources */ = {isa = PBXBuildFile; fileRef = 2C41829D1E909BD000771EC6 /* ModernFLACTypes.c */; };
		2C4182A11E909D4600771EC6 /* ParseFLAC.c in Sources */ = {isa = PBXBuildFile; fileRef = 2C4182A01E909D4600771EC6 /* ParseFLAC.c */; };
		2C4182A51E90A15C00771EC6 /* ComposeFLAC.c in Sources */ = {isa = PBXBuildFile; fileRef = 2C4182A41E90A15C00771EC6 /* ComposeFLAC.c */; };
		2C4182B01E92FAF700771EC6 /* DeapodizeFLAC.c in Sources */ = {isa = PBXBuildFile; fileRef = 2C4182AF1E92FAF700771EC6 /* DeapodizeFLAC.c */; };
		2C4182B51E92FBFB00771EC6 /* ApodizeFLAC.c in Sources */ = {isa = PBXBuildFile; fileRef = 2C4182B41E92FBFB00771EC6 /* ApodizeFLAC.c */; };
		2C4C46171E8AF57C00C24F4C /* libPCM.a in Frameworks */ = {isa = PBXBuildFile; fileRef = 2C0FB6801E845396005DEE50 /* libPCM.a */; };
		2C8AADFF1E843640007F8867 /* EncodeFLAC.c in Sources */ = {isa = PBXBuildFile; fileRef = 2C8AADFE1E843640007F8867 /* EncodeFLAC.c */; };
		2C8AAE011E843647007F8867 /* DecodeFLAC.c in Sources */ = {isa = PBXBuildFile; fileRef = 2C8AAE001E843647007F8867 /* DecodeFLAC.c */; };
		2C8AAE091E8436A0007F8867 /* libModernFLAC.h in Headers */ = {isa = PBXBuildFile; fileRef = 2C8AAE081E8436A0007F8867 /* libModernFLAC.h */; };
		2C8AAE0E1E8436DC007F8867 /* ModernFLAC.c in Sources */ = {isa = PBXBuildFile; fileRef = 2C8AAE0D1E8436DC007F8867 /* ModernFLAC.c */; };
		2CDA4B2F1F36BE2C005E6AD1 /* ParseFLAC.h in Headers */ = {isa = PBXBuildFile; fileRef = 2CDA4B2C1F36BE2C005E6AD1 /* ParseFLAC.h */; };
		2CDA4B301F36BE2C005E6AD1 /* MD5.h in Headers */ = {isa = PBXBuildFile; fileRef = 2CDA4B2D1F36BE2C005E6AD1 /* MD5.h */; };
		2CDA4B311F36BE2C005E6AD1 /* DeapodizeFLAC.h in Headers */ = {isa = PBXBuildFile; fileRef = 2CDA4B2E1F36BE2C005E6AD1 /* DeapodizeFLAC.h */; };
		2CDA4B341F36BE43005E6AD1 /* ComposeFLAC.h in Headers */ = {isa = PBXBuildFile; fileRef = 2CDA4B321F36BE43005E6AD1 /* ComposeFLAC.h */; };
		2CDA4B351F36BE43005E6AD1 /* ApodizeFLAC.h in Headers */ = {isa = PBXBuildFile; fileRef = 2CDA4B331F36BE43005E6AD1 /* ApodizeFLAC.h */; };
		2CE778491F50E21C00C88BE4 /* ModernFLACTypes.h in Headers */ = {isa = PBXBuildFile; fileRef = 2CE778481F50E21C00C88BE4 /* ModernFLACTypes.h */; };
		2CED19631E89711900204FC6 /* libModernFLAC.a in Frameworks */ = {isa = PBXBuildFile; fileRef = 2CC504AA1E194B58004A3685 /* libModernFLAC.a */; };
		2CF8B15C1F110C1B00F3EE6C /* MD5.c in Sources */ = {isa = PBXBuildFile; fileRef = 2CF8B15B1F110C1B00F3EE6C /* MD5.c */; };
/* End PBXBuildFile section */

/* Begin PBXContainerItemProxy section */
		2C0FB67F1E845396005DEE50 /* PBXContainerItemProxy */ = {
			isa = PBXContainerItemProxy;
			containerPortal = 2C0FB67B1E845396005DEE50 /* libPCM.xcodeproj */;
			proxyType = 2;
			remoteGlobalIDString = 2C3065591E809042009F1A54;
			remoteInfo = libPCM;
		};
		2C7B4BEA1EC9A8D70078DC59 /* PBXContainerItemProxy */ = {
			isa = PBXContainerItemProxy;
			containerPortal = 2C0FB67B1E845396005DEE50 /* libPCM.xcodeproj */;
			proxyType = 2;
			remoteGlobalIDString = 2CD232211EB0ECDD005E4D8C;
			remoteInfo = TrimSilence;
		};
/* End PBXContainerItemProxy section */

/* Begin PBXCopyFilesBuildPhase section */
		2C7D1E021DCB0FF10014CAA2 /* CopyFiles */ = {
			isa = PBXCopyFilesBuildPhase;
			buildActionMask = 2147483647;
			dstPath = /usr/share/man/man1/;
			dstSubfolderSpec = 0;
			files = (
			);
			runOnlyForDeploymentPostprocessing = 1;
		};
/* End PBXCopyFilesBuildPhase section */

/* Begin PBXFileReference section */
		2C0FB67B1E845396005DEE50 /* libPCM.xcodeproj */ = {isa = PBXFileReference; lastKnownFileType = "wrapper.pb-project"; name = libPCM.xcodeproj; path = ../Dependencies/libPCM/Projects/libPCM.xcodeproj; sourceTree = "<group>"; };
		2C41829D1E909BD000771EC6 /* ModernFLACTypes.c */ = {isa = PBXFileReference; fileEncoding = 4; lastKnownFileType = sourcecode.c.c; name = ModernFLACTypes.c; path = ../libModernFLAC/src/ModernFLACTypes.c; sourceTree = "<group>"; };
		2C4182A01E909D4600771EC6 /* ParseFLAC.c */ = {isa = PBXFileReference; fileEncoding = 4; lastKnownFileType = sourcecode.c.c; name = ParseFLAC.c; path = ../libModernFLAC/src/Decoder/ParseFLAC.c; sourceTree = "<group>"; };
		2C4182A41E90A15C00771EC6 /* ComposeFLAC.c */ = {isa = PBXFileReference; fileEncoding = 4; lastKnownFileType = sourcecode.c.c; name = ComposeFLAC.c; path = ../libModernFLAC/src/Encoder/ComposeFLAC.c; sourceTree = "<group>"; };
		2C4182AF1E92FAF700771EC6 /* DeapodizeFLAC.c */ = {isa = PBXFileReference; fileEncoding = 4; lastKnownFileType = sourcecode.c.c; name = DeapodizeFLAC.c; path = ../libModernFLAC/src/Decoder/DeapodizeFLAC.c; sourceTree = "<group>"; };
		2C4182B41E92FBFB00771EC6 /* ApodizeFLAC.c */ = {isa = PBXFileReference; fileEncoding = 4; lastKnownFileType = sourcecode.c.c; name = ApodizeFLAC.c; path = ../libModernFLAC/src/Encoder/ApodizeFLAC.c; sourceTree = "<group>"; };
		2C7D1E041DCB0FF10014CAA2 /* ModernFLAC */ = {isa = PBXFileReference; explicitFileType = "compiled.mach-o.executable"; includeInIndex = 0; path = ModernFLAC; sourceTree = BUILT_PRODUCTS_DIR; };
		2C8AADFE1E843640007F8867 /* EncodeFLAC.c */ = {isa = PBXFileReference; fileEncoding = 4; lastKnownFileType = sourcecode.c.c; name = EncodeFLAC.c; path = ../libModernFLAC/src/Encoder/EncodeFLAC.c; sourceTree = "<group>"; };
		2C8AAE001E843647007F8867 /* DecodeFLAC.c */ = {isa = PBXFileReference; fileEncoding = 4; lastKnownFileType = sourcecode.c.c; name = DecodeFLAC.c; path = ../libModernFLAC/src/Decoder/DecodeFLAC.c; sourceTree = "<group>"; };
		2C8AAE081E8436A0007F8867 /* libModernFLAC.h */ = {isa = PBXFileReference; fileEncoding = 4; lastKnownFileType = sourcecode.c.h; name = libModernFLAC.h; path = ../libModernFLAC/include/libModernFLAC.h; sourceTree = "<group>"; };
		2C8AAE0D1E8436DC007F8867 /* ModernFLAC.c */ = {isa = PBXFileReference; fileEncoding = 4; lastKnownFileType = sourcecode.c.c; name = ModernFLAC.c; path = ../ModernFLAC/ModernFLAC.c; sourceTree = "<group>"; };
		2CC504AA1E194B58004A3685 /* libModernFLAC.a */ = {isa = PBXFileReference; explicitFileType = archive.ar; includeInIndex = 0; path = libModernFLAC.a; sourceTree = BUILT_PRODUCTS_DIR; };
		2CDA4B2C1F36BE2C005E6AD1 /* ParseFLAC.h */ = {isa = PBXFileReference; fileEncoding = 4; lastKnownFileType = sourcecode.c.h; name = ParseFLAC.h; path = ../libModernFLAC/include/Private/Decode/ParseFLAC.h; sourceTree = "<group>"; };
		2CDA4B2D1F36BE2C005E6AD1 /* MD5.h */ = {isa = PBXFileReference; fileEncoding = 4; lastKnownFileType = sourcecode.c.h; name = MD5.h; path = ../libModernFLAC/include/Private/Decode/MD5.h; sourceTree = "<group>"; };
		2CDA4B2E1F36BE2C005E6AD1 /* DeapodizeFLAC.h */ = {isa = PBXFileReference; fileEncoding = 4; lastKnownFileType = sourcecode.c.h; name = DeapodizeFLAC.h; path = ../libModernFLAC/include/Private/Decode/DeapodizeFLAC.h; sourceTree = "<group>"; };
		2CDA4B321F36BE43005E6AD1 /* ComposeFLAC.h */ = {isa = PBXFileReference; fileEncoding = 4; lastKnownFileType = sourcecode.c.h; name = ComposeFLAC.h; path = ../libModernFLAC/include/Private/Encode/ComposeFLAC.h; sourceTree = "<group>"; };
		2CDA4B331F36BE43005E6AD1 /* ApodizeFLAC.h */ = {isa = PBXFileReference; fileEncoding = 4; lastKnownFileType = sourcecode.c.h; name = ApodizeFLAC.h; path = ../libModernFLAC/include/Private/Encode/ApodizeFLAC.h; sourceTree = "<group>"; };
		2CE778481F50E21C00C88BE4 /* ModernFLACTypes.h */ = {isa = PBXFileReference; fileEncoding = 4; lastKnownFileType = sourcecode.c.h; name = ModernFLACTypes.h; path = ../libModernFLAC/include/Private/ModernFLACTypes.h; sourceTree = "<group>"; };
		2CF8B15B1F110C1B00F3EE6C /* MD5.c */ = {isa = PBXFileReference; fileEncoding = 4; lastKnownFileType = sourcecode.c.c; name = MD5.c; path = ../libModernFLAC/src/Decoder/MD5.c; sourceTree = "<group>"; };
/* End PBXFileReference section */

/* Begin PBXFrameworksBuildPhase section */
		2C7D1E011DCB0FF10014CAA2 /* Frameworks */ = {
			isa = PBXFrameworksBuildPhase;
			buildActionMask = 2147483647;
			files = (
				2CED19631E89711900204FC6 /* libModernFLAC.a in Frameworks */,
			);
			runOnlyForDeploymentPostprocessing = 0;
		};
		2CC504A71E194B58004A3685 /* Frameworks */ = {
			isa = PBXFrameworksBuildPhase;
			buildActionMask = 2147483647;
			files = (
				2C4C46171E8AF57C00C24F4C /* libPCM.a in Frameworks */,
			);
			runOnlyForDeploymentPostprocessing = 0;
		};
/* End PBXFrameworksBuildPhase section */

/* Begin PBXGroup section */
		2C0FB6711E84535B005DEE50 /* Dependencies */ = {
			isa = PBXGroup;
			children = (
				2C0FB67B1E845396005DEE50 /* libPCM.xcodeproj */,
			);
			name = Dependencies;
			sourceTree = "<group>";
		};
		2C0FB67C1E845396005DEE50 /* Products */ = {
			isa = PBXGroup;
			children = (
				2C0FB6801E845396005DEE50 /* libPCM.a */,
				2C7B4BEB1EC9A8D70078DC59 /* TrimSilence */,
			);
			name = Products;
			sourceTree = "<group>";
		};
		2C7D1DFB1DCB0FF10014CAA2 = {
			isa = PBXGroup;
			children = (
				2C0FB6711E84535B005DEE50 /* Dependencies */,
				2C7D1E101DCB10260014CAA2 /* libModernFLAC */,
				2C8AAE0C1E8436D0007F8867 /* ModernFLAC */,
				2C7D1E051DCB0FF10014CAA2 /* Products */,
			);
			sourceTree = "<group>";
		};
		2C7D1E051DCB0FF10014CAA2 /* Products */ = {
			isa = PBXGroup;
			children = (
				2C7D1E041DCB0FF10014CAA2 /* ModernFLAC */,
				2CC504AA1E194B58004A3685 /* libModernFLAC.a */,
			);
			name = Products;
			sourceTree = "<group>";
		};
		2C7D1E101DCB10260014CAA2 /* libModernFLAC */ = {
			isa = PBXGroup;
			children = (
				2C7D1E111DCB10300014CAA2 /* Headers */,
				2C7D1E121DCB10360014CAA2 /* Source */,
			);
			name = libModernFLAC;
			sourceTree = "<group>";
		};
		2C7D1E111DCB10300014CAA2 /* Headers */ = {
			isa = PBXGroup;
			children = (
				2C8AAE081E8436A0007F8867 /* libModernFLAC.h */,
				2CDA4B271F36BDFF005E6AD1 /* Private */,
			);
			name = Headers;
			sourceTree = "<group>";
		};
		2C7D1E121DCB10360014CAA2 /* Source */ = {
			isa = PBXGroup;
			children = (
				2C41829D1E909BD000771EC6 /* ModernFLACTypes.c */,
				2C8AAE031E843663007F8867 /* Decoder */,
				2C8AAE021E84365B007F8867 /* Encoder */,
			);
			name = Source;
			sourceTree = "<group>";
		};
		2C8AADFC1E84360B007F8867 /* Encode */ = {
			isa = PBXGroup;
			children = (
				2CDA4B321F36BE43005E6AD1 /* ComposeFLAC.h */,
				2CDA4B331F36BE43005E6AD1 /* ApodizeFLAC.h */,
			);
			name = Encode;
			sourceTree = "<group>";
		};
		2C8AADFD1E843611007F8867 /* Decode */ = {
			isa = PBXGroup;
			children = (
				2CDA4B2C1F36BE2C005E6AD1 /* ParseFLAC.h */,
				2CDA4B2D1F36BE2C005E6AD1 /* MD5.h */,
				2CDA4B2E1F36BE2C005E6AD1 /* DeapodizeFLAC.h */,
			);
			name = Decode;
			sourceTree = "<group>";
		};
		2C8AAE021E84365B007F8867 /* Encoder */ = {
			isa = PBXGroup;
			children = (
				2C8AADFE1E843640007F8867 /* EncodeFLAC.c */,
				2C4182A41E90A15C00771EC6 /* ComposeFLAC.c */,
				2C4182B41E92FBFB00771EC6 /* ApodizeFLAC.c */,
			);
			name = Encoder;
			sourceTree = "<group>";
		};
		2C8AAE031E843663007F8867 /* Decoder */ = {
			isa = PBXGroup;
			children = (
				2CF8B15B1F110C1B00F3EE6C /* MD5.c */,
				2C8AAE001E843647007F8867 /* DecodeFLAC.c */,
				2C4182A01E909D4600771EC6 /* ParseFLAC.c */,
				2C4182AF1E92FAF700771EC6 /* DeapodizeFLAC.c */,
			);
			name = Decoder;
			sourceTree = "<group>";
		};
		2C8AAE0C1E8436D0007F8867 /* ModernFLAC */ = {
			isa = PBXGroup;
			children = (
				2C8AAE0D1E8436DC007F8867 /* ModernFLAC.c */,
			);
			name = ModernFLAC;
			sourceTree = "<group>";
		};
		2CDA4B271F36BDFF005E6AD1 /* Private */ = {
			isa = PBXGroup;
			children = (
				2CE778481F50E21C00C88BE4 /* ModernFLACTypes.h */,
				2C8AADFD1E843611007F8867 /* Decode */,
				2C8AADFC1E84360B007F8867 /* Encode */,
			);
			name = Private;
			sourceTree = "<group>";
		};
/* End PBXGroup section */

/* Begin PBXHeadersBuildPhase section */
		2CC504A81E194B58004A3685 /* Headers */ = {
			isa = PBXHeadersBuildPhase;
			buildActionMask = 2147483647;
			files = (
				2CDA4B351F36BE43005E6AD1 /* ApodizeFLAC.h in Headers */,
				2CDA4B301F36BE2C005E6AD1 /* MD5.h in Headers */,
				2CDA4B311F36BE2C005E6AD1 /* DeapodizeFLAC.h in Headers */,
				2C8AAE091E8436A0007F8867 /* libModernFLAC.h in Headers */,
				2CDA4B2F1F36BE2C005E6AD1 /* ParseFLAC.h in Headers */,
				2CDA4B341F36BE43005E6AD1 /* ComposeFLAC.h in Headers */,
				2CE778491F50E21C00C88BE4 /* ModernFLACTypes.h in Headers */,
			);
			runOnlyForDeploymentPostprocessing = 0;
		};
/* End PBXHeadersBuildPhase section */

/* Begin PBXNativeTarget section */
		2C7D1E031DCB0FF10014CAA2 /* ModernFLAC */ = {
			isa = PBXNativeTarget;
			buildConfigurationList = 2C7D1E0B1DCB0FF10014CAA2 /* Build configuration list for PBXNativeTarget "ModernFLAC" */;
			buildPhases = (
				2C7D1E001DCB0FF10014CAA2 /* Sources */,
				2C7D1E011DCB0FF10014CAA2 /* Frameworks */,
				2C7D1E021DCB0FF10014CAA2 /* CopyFiles */,
			);
			buildRules = (
			);
			dependencies = (
			);
			name = ModernFLAC;
			productName = ModernFLAC;
			productReference = 2C7D1E041DCB0FF10014CAA2 /* ModernFLAC */;
			productType = "com.apple.product-type.tool";
		};
		2CC504A91E194B58004A3685 /* libModernFLAC */ = {
			isa = PBXNativeTarget;
			buildConfigurationList = 2CC504AB1E194B58004A3685 /* Build configuration list for PBXNativeTarget "libModernFLAC" */;
			buildPhases = (
				2CC504A61E194B58004A3685 /* Sources */,
				2CC504A71E194B58004A3685 /* Frameworks */,
				2CC504A81E194B58004A3685 /* Headers */,
			);
			buildRules = (
			);
			dependencies = (
			);
			name = libModernFLAC;
			productName = libModernFLAC;
			productReference = 2CC504AA1E194B58004A3685 /* libModernFLAC.a */;
			productType = "com.apple.product-type.library.static";
		};
/* End PBXNativeTarget section */

/* Begin PBXProject section */
		2C7D1DFC1DCB0FF10014CAA2 /* Project object */ = {
			isa = PBXProject;
			attributes = {
				LastUpgradeCheck = 0820;
				ORGANIZATIONNAME = "Marcus Johnson";
				TargetAttributes = {
					2C7D1E031DCB0FF10014CAA2 = {
						CreatedOnToolsVersion = 8.1;
						DevelopmentTeam = 628J9L7WK5;
						ProvisioningStyle = Automatic;
					};
					2CC504A91E194B58004A3685 = {
						CreatedOnToolsVersion = 8.2.1;
						DevelopmentTeam = 628J9L7WK5;
						ProvisioningStyle = Automatic;
					};
				};
			};
			buildConfigurationList = 2C7D1DFF1DCB0FF10014CAA2 /* Build configuration list for PBXProject "ModernFLAC" */;
			compatibilityVersion = "Xcode 6.3";
			developmentRegion = English;
			hasScannedForEncodings = 0;
			knownRegions = (
				en,
			);
			mainGroup = 2C7D1DFB1DCB0FF10014CAA2;
			productRefGroup = 2C7D1E051DCB0FF10014CAA2 /* Products */;
			projectDirPath = "";
			projectReferences = (
				{
					ProductGroup = 2C0FB67C1E845396005DEE50 /* Products */;
					ProjectRef = 2C0FB67B1E845396005DEE50 /* libPCM.xcodeproj */;
				},
			);
			projectRoot = "";
			targets = (
				2C7D1E031DCB0FF10014CAA2 /* ModernFLAC */,
				2CC504A91E194B58004A3685 /* libModernFLAC */,
			);
		};
/* End PBXProject section */

/* Begin PBXReferenceProxy section */
		2C0FB6801E845396005DEE50 /* libPCM.a */ = {
			isa = PBXReferenceProxy;
			fileType = archive.ar;
			path = libPCM.a;
			remoteRef = 2C0FB67F1E845396005DEE50 /* PBXContainerItemProxy */;
			sourceTree = BUILT_PRODUCTS_DIR;
		};
		2C7B4BEB1EC9A8D70078DC59 /* TrimSilence */ = {
			isa = PBXReferenceProxy;
			fileType = "compiled.mach-o.executable";
			path = TrimSilence;
			remoteRef = 2C7B4BEA1EC9A8D70078DC59 /* PBXContainerItemProxy */;
			sourceTree = BUILT_PRODUCTS_DIR;
		};
/* End PBXReferenceProxy section */

/* Begin PBXSourcesBuildPhase section */
		2C7D1E001DCB0FF10014CAA2 /* Sources */ = {
			isa = PBXSourcesBuildPhase;
			buildActionMask = 2147483647;
			files = (
				2CF8B15C1F110C1B00F3EE6C /* MD5.c in Sources */,
				2C8AAE0E1E8436DC007F8867 /* ModernFLAC.c in Sources */,
			);
			runOnlyForDeploymentPostprocessing = 0;
		};
		2CC504A61E194B58004A3685 /* Sources */ = {
			isa = PBXSourcesBuildPhase;
			buildActionMask = 2147483647;
			files = (
				2C4182B51E92FBFB00771EC6 /* ApodizeFLAC.c in Sources */,
				2C8AADFF1E843640007F8867 /* EncodeFLAC.c in Sources */,
				2C4182B01E92FAF700771EC6 /* DeapodizeFLAC.c in Sources */,
				2C4182A11E909D4600771EC6 /* ParseFLAC.c in Sources */,
				2C41829E1E909BD000771EC6 /* ModernFLACTypes.c in Sources */,
				2C4182A51E90A15C00771EC6 /* ComposeFLAC.c in Sources */,
				2C8AAE011E843647007F8867 /* DecodeFLAC.c in Sources */,
			);
			runOnlyForDeploymentPostprocessing = 0;
		};
/* End PBXSourcesBuildPhase section */

/* Begin XCBuildConfiguration section */
		2C7D1E091DCB0FF10014CAA2 /* Debug */ = {
			isa = XCBuildConfiguration;
			buildSettings = {
				ALWAYS_SEARCH_USER_PATHS = NO;
				CLANG_ANALYZER_NONNULL = YES;
				CLANG_CXX_LANGUAGE_STANDARD = "c++14";
				CLANG_CXX_LIBRARY = "libc++";
				CLANG_ENABLE_MODULES = YES;
				CLANG_ENABLE_OBJC_ARC = YES;
				CLANG_WARN_BOOL_CONVERSION = YES;
				CLANG_WARN_CONSTANT_CONVERSION = YES;
				CLANG_WARN_DIRECT_OBJC_ISA_USAGE = YES_ERROR;
				CLANG_WARN_DOCUMENTATION_COMMENTS = YES;
				CLANG_WARN_EMPTY_BODY = YES;
				CLANG_WARN_ENUM_CONVERSION = YES;
				CLANG_WARN_INFINITE_RECURSION = YES;
				CLANG_WARN_INT_CONVERSION = YES;
				CLANG_WARN_OBJC_ROOT_CLASS = YES_ERROR;
				CLANG_WARN_SUSPICIOUS_MOVE = YES;
				CLANG_WARN_SUSPICIOUS_MOVES = YES;
				CLANG_WARN_UNREACHABLE_CODE = YES;
				CLANG_WARN__DUPLICATE_METHOD_MATCH = YES;
				CODE_SIGN_IDENTITY = "";
				COPY_PHASE_STRIP = YES;
				DEAD_CODE_STRIPPING = YES;
				DEBUG_INFORMATION_FORMAT = dwarf;
				DEPLOYMENT_POSTPROCESSING = YES;
				DEVELOPMENT_TEAM = 628J9L7WK5;
				ENABLE_STRICT_OBJC_MSGSEND = YES;
				ENABLE_TESTABILITY = YES;
				GCC_C_LANGUAGE_STANDARD = c11;
				GCC_DYNAMIC_NO_PIC = NO;
				GCC_NO_COMMON_BLOCKS = YES;
				GCC_OPTIMIZATION_LEVEL = 0;
				GCC_PREPROCESSOR_DEFINITIONS = (
					"DEBUG=1",
					"$(inherited)",
				);
				GCC_WARN_64_TO_32_BIT_CONVERSION = NO;
				GCC_WARN_ABOUT_RETURN_TYPE = YES_ERROR;
				GCC_WARN_UNDECLARED_SELECTOR = YES;
				GCC_WARN_UNINITIALIZED_AUTOS = YES_AGGRESSIVE;
				GCC_WARN_UNUSED_FUNCTION = YES;
				GCC_WARN_UNUSED_VARIABLE = YES;
				INFOPLIST_OUTPUT_FORMAT = binary;
				IPHONEOS_DEPLOYMENT_TARGET = 8.0;
				MACOSX_DEPLOYMENT_TARGET = 10.12;
				MTL_ENABLE_DEBUG_INFO = YES;
				ONLY_ACTIVE_ARCH = YES;
				PLIST_FILE_OUTPUT_FORMAT = binary;
				SDKROOT = macosx;
				STRINGS_FILE_OUTPUT_ENCODING = binary;
				SUPPORTED_PLATFORMS = "macosx iphoneos";
				VALID_ARCHS = "arm64 x86_64";
			};
			name = Debug;
		};
		2C7D1E0A1DCB0FF10014CAA2 /* Release */ = {
			isa = XCBuildConfiguration;
			buildSettings = {
				ALWAYS_SEARCH_USER_PATHS = NO;
				CLANG_ANALYZER_NONNULL = YES;
				CLANG_CXX_LANGUAGE_STANDARD = "c++14";
				CLANG_CXX_LIBRARY = "libc++";
				CLANG_ENABLE_MODULES = YES;
				CLANG_ENABLE_OBJC_ARC = YES;
				CLANG_WARN_BOOL_CONVERSION = YES;
				CLANG_WARN_CONSTANT_CONVERSION = YES;
				CLANG_WARN_DIRECT_OBJC_ISA_USAGE = YES_ERROR;
				CLANG_WARN_DOCUMENTATION_COMMENTS = YES;
				CLANG_WARN_EMPTY_BODY = YES;
				CLANG_WARN_ENUM_CONVERSION = YES;
				CLANG_WARN_INFINITE_RECURSION = YES;
				CLANG_WARN_INT_CONVERSION = YES;
				CLANG_WARN_OBJC_ROOT_CLASS = YES_ERROR;
				CLANG_WARN_SUSPICIOUS_MOVE = YES;
				CLANG_WARN_SUSPICIOUS_MOVES = YES;
				CLANG_WARN_UNREACHABLE_CODE = YES;
				CLANG_WARN__DUPLICATE_METHOD_MATCH = YES;
				CODE_SIGN_IDENTITY = "";
				COPY_PHASE_STRIP = YES;
				DEAD_CODE_STRIPPING = YES;
				DEBUG_INFORMATION_FORMAT = "dwarf-with-dsym";
				DEPLOYMENT_POSTPROCESSING = YES;
				DEVELOPMENT_TEAM = 628J9L7WK5;
				ENABLE_NS_ASSERTIONS = NO;
				ENABLE_STRICT_OBJC_MSGSEND = YES;
				GCC_C_LANGUAGE_STANDARD = c11;
				GCC_NO_COMMON_BLOCKS = YES;
				GCC_OPTIMIZATION_LEVEL = fast;
				GCC_WARN_64_TO_32_BIT_CONVERSION = NO;
				GCC_WARN_ABOUT_RETURN_TYPE = YES_ERROR;
				GCC_WARN_UNDECLARED_SELECTOR = YES;
				GCC_WARN_UNINITIALIZED_AUTOS = YES_AGGRESSIVE;
				GCC_WARN_UNUSED_FUNCTION = YES;
				GCC_WARN_UNUSED_VARIABLE = YES;
				INFOPLIST_OUTPUT_FORMAT = binary;
				IPHONEOS_DEPLOYMENT_TARGET = 8.0;
				MACOSX_DEPLOYMENT_TARGET = 10.12;
				MTL_ENABLE_DEBUG_INFO = NO;
				PLIST_FILE_OUTPUT_FORMAT = binary;
				SDKROOT = macosx;
				STRINGS_FILE_OUTPUT_ENCODING = binary;
				SUPPORTED_PLATFORMS = "macosx iphoneos";
				VALID_ARCHS = "arm64 x86_64";
			};
			name = Release;
		};
		2C7D1E0C1DCB0FF10014CAA2 /* Debug */ = {
			isa = XCBuildConfiguration;
			buildSettings = {
				CODE_SIGN_IDENTITY = "";
				DEVELOPMENT_TEAM = 628J9L7WK5;
				GCC_ENABLE_CPP_RTTI = NO;
				GCC_LINK_WITH_DYNAMIC_LIBRARIES = NO;
				LIBRARY_SEARCH_PATHS = "$(inherited)";
				MACH_O_TYPE = mh_execute;
				OTHER_LDFLAGS = "";
				PRODUCT_NAME = "$(TARGET_NAME)";
			};
			name = Debug;
		};
		2C7D1E0D1DCB0FF10014CAA2 /* Release */ = {
			isa = XCBuildConfiguration;
			buildSettings = {
				CODE_SIGN_IDENTITY = "";
				DEVELOPMENT_TEAM = 628J9L7WK5;
				GCC_ENABLE_CPP_RTTI = NO;
				GCC_LINK_WITH_DYNAMIC_LIBRARIES = NO;
				GCC_OPTIMIZATION_LEVEL = fast;
				LIBRARY_SEARCH_PATHS = "$(inherited)";
				MACH_O_TYPE = mh_execute;
				OTHER_LDFLAGS = "";
				PRODUCT_NAME = "$(TARGET_NAME)";
			};
			name = Release;
		};
		2CC504AC1E194B58004A3685 /* Debug */ = {
			isa = XCBuildConfiguration;
			buildSettings = {
				ALWAYS_SEARCH_USER_PATHS = YES;
				CODE_SIGN_IDENTITY = "";
				DEAD_CODE_STRIPPING = YES;
				DEVELOPMENT_TEAM = 628J9L7WK5;
				EXECUTABLE_PREFIX = "";
				LIBRARY_SEARCH_PATHS = "$(inherited)";
				MACOSX_DEPLOYMENT_TARGET = 10.6;
				PRODUCT_NAME = "$(TARGET_NAME)";
				USER_HEADER_SEARCH_PATHS = "/Dependencies/**";
			};
			name = Debug;
		};
		2CC504AD1E194B58004A3685 /* Release */ = {
			isa = XCBuildConfiguration;
			buildSettings = {
				ALWAYS_SEARCH_USER_PATHS = YES;
				CODE_SIGN_IDENTITY = "";
				DEAD_CODE_STRIPPING = YES;
				DEVELOPMENT_TEAM = 628J9L7WK5;
				EXECUTABLE_PREFIX = "";
				LIBRARY_SEARCH_PATHS = "$(inherited)";
				MACOSX_DEPLOYMENT_TARGET = 10.6;
				PRODUCT_NAME = "$(TARGET_NAME)";
				USER_HEADER_SEARCH_PATHS = "/Dependencies/**";
			};
			name = Release;
		};
/* End XCBuildConfiguration section */

/* Begin XCConfigurationList section */
		2C7D1DFF1DCB0FF10014CAA2 /* Build configuration list for PBXProject "ModernFLAC" */ = {
			isa = XCConfigurationList;
			buildConfigurations = (
				2C7D1E091DCB0FF10014CAA2 /* Debug */,
				2C7D1E0A1DCB0FF10014CAA2 /* Release */,
			);
			defaultConfigurationIsVisible = 0;
			defaultConfigurationName = Release;
		};
		2C7D1E0B1DCB0FF10014CAA2 /* Build configuration list for PBXNativeTarget "ModernFLAC" */ = {
			isa = XCConfigurationList;
			buildConfigurations = (
				2C7D1E0C1DCB0FF10014CAA2 /* Debug */,
				2C7D1E0D1DCB0FF10014CAA2 /* Release */,
			);
			defaultConfigurationIsVisible = 0;
			defaultConfigurationName = Release;
		};
		2CC504AB1E194B58004A3685 /* Build configuration list for PBXNativeTarget "libModernFLAC" */ = {
			isa = XCConfigurationList;
			buildConfigurations = (
				2CC504AC1E194B58004A3685 /* Debug */,
				2CC504AD1E194B58004A3685 /* Release */,
			);
			defaultConfigurationIsVisible = 0;
			defaultConfigurationName = Release;
		};
/* End XCConfigurationList section */
	};
	rootObject = 2C7D1DFC1DCB0FF10014CAA2 /* Project object */;
}
